
Microsoft Visual Studio Solution File, Format Version 12.00
# Visual Studio Version 16
VisualStudioVersion = 16.0.29911.84
MinimumVisualStudioVersion = 15.0.26124.0
Project("{2150E333-8FDC-42A3-9474-1A3956D46DE8}") = "Services", "Services", "{D11CBD0A-1AA4-420E-A99E-931AB3234AFF}"
EndProject
Project("{2150E333-8FDC-42A3-9474-1A3956D46DE8}") = "Accounts", "Accounts", "{82B0FD2F-E975-4BFA-AF4F-1CA8226D38CF}"
EndProject
Project("{9A19103F-16F7-4668-BE54-9A1E7A4F7556}") = "Accounts.Domain", "Services\Accounts\Accounts.Domain\Accounts.Domain.csproj", "{9F84A6EF-BB8E-4E49-B067-015B8538F354}"
EndProject
Project("{9A19103F-16F7-4668-BE54-9A1E7A4F7556}") = "Accounts.Infrastructure", "Services\Accounts\Accounts.Infrastructure\Accounts.Infrastructure.csproj", "{C3BAAF27-0CDE-42A3-A9EE-3A6365265775}"
EndProject
Project("{9A19103F-16F7-4668-BE54-9A1E7A4F7556}") = "Accounts.Api", "Services\Accounts\Accounts.Api\Accounts.Api.csproj", "{280B4759-D43B-4F25-B3A6-F4D346DE7813}"
EndProject
Project("{9A19103F-16F7-4668-BE54-9A1E7A4F7556}") = "Accounts.UnitTests", "Services\Accounts\Accounts.UnitTests\Accounts.UnitTests.csproj", "{37306091-434C-4B1B-BEF5-7D681EF623D3}"
EndProject
Project("{2150E333-8FDC-42A3-9474-1A3956D46DE8}") = "Mobile", "Mobile", "{05466BC3-E694-43D7-93CC-2F6DCD3848F6}"
EndProject
Project("{FAE04EC0-301F-11D3-BF4B-00C04F79EFBC}") = "Cerber.Android", "Mobile\Cerber.Android\Cerber.Android.csproj", "{EB765080-604B-4521-A4DC-D3561205CCC1}"
EndProject
Project("{FAE04EC0-301F-11D3-BF4B-00C04F79EFBC}") = "Cerber.iOS", "Mobile\Cerber.iOS\Cerber.iOS.csproj", "{845BD358-0B31-43B0-BFAD-215E51E84783}"
EndProject
Project("{9A19103F-16F7-4668-BE54-9A1E7A4F7556}") = "Cerber", "Mobile\Cerber\Cerber.csproj", "{A103E364-31D3-4086-A42E-6292064E20E2}"
EndProject
Project("{2150E333-8FDC-42A3-9474-1A3956D46DE8}") = "Availability", "Availability", "{AA1E1407-DDE9-4C75-A9E4-D0183B5018D6}"
EndProject
Project("{9A19103F-16F7-4668-BE54-9A1E7A4F7556}") = "Availability.Api", "Services\Availability\Availability.Api\Availability.Api.csproj", "{0996E458-4F78-4103-9273-2DE3CBDADE59}"
EndProject
Project("{9A19103F-16F7-4668-BE54-9A1E7A4F7556}") = "Availability.Domain", "Services\Availability\Availability.Domain\Availability.Domain.csproj", "{17DADA86-3A83-4144-9020-317D36833B97}"
EndProject
Project("{9A19103F-16F7-4668-BE54-9A1E7A4F7556}") = "Availability.Infrastructure", "Services\Availability\Availability.Infrastructure\Availability.Infrastructure.csproj", "{15355AAC-C728-4FB5-85FB-022BACBC81D8}"
EndProject
Project("{9A19103F-16F7-4668-BE54-9A1E7A4F7556}") = "Availability.UnitTests", "Services\Availability\Availability.UnitTests\Availability.UnitTests.csproj", "{CFA48A46-4FB0-4B2B-99EE-C1A98B807A27}"
EndProject
Project("{9A19103F-16F7-4668-BE54-9A1E7A4F7556}") = "Availability.Worker", "Services\Availability\Availability.Worker\Availability.Worker.csproj", "{66A60072-521A-49E0-93E5-7FB136813452}"
EndProject
Project("{9A19103F-16F7-4668-BE54-9A1E7A4F7556}") = "Availability.Worker.UnitTests", "Services\Availability\Availability.Worker.UnitTests\Availability.Worker.UnitTests.csproj", "{8C8B3367-DB82-4A3F-909D-3ACA4A71B086}"
EndProject
Project("{2150E333-8FDC-42A3-9474-1A3956D46DE8}") = "Gateway", "Gateway", "{D9028F39-B726-496C-8C6B-6088CEC41529}"
EndProject
Project("{E53339B2-1760-4266-BCC7-CA923CBCF16C}") = "docker-compose", "docker-compose.dcproj", "{8211402D-4F2F-40C2-9998-5ADE7A5675D9}"
EndProject
Project("{9A19103F-16F7-4668-BE54-9A1E7A4F7556}") = "Gateway.Api", "Services\Gateway\Gateway.Api\Gateway.Api.csproj", "{11E02D38-077E-45A0-B7D2-979150C7E5F5}"
EndProject
Project("{2150E333-8FDC-42A3-9474-1A3956D46DE8}") = "Client", "Client", "{36A3D314-5E38-41D9-8DE6-B657E0B5465F}"
EndProject
Project("{9A19103F-16F7-4668-BE54-9A1E7A4F7556}") = "Cerber.Client", "Client\Cerber.Client\Cerber.Client.csproj", "{7045D8D2-BE83-41AD-AABF-BD0258BACEAD}"
EndProject
Global
	GlobalSection(SolutionConfigurationPlatforms) = preSolution
		Debug|Any CPU = Debug|Any CPU
		Debug|iPhone = Debug|iPhone
		Debug|iPhoneSimulator = Debug|iPhoneSimulator
		Debug|x64 = Debug|x64
		Debug|x86 = Debug|x86
		Release|Any CPU = Release|Any CPU
		Release|iPhone = Release|iPhone
		Release|iPhoneSimulator = Release|iPhoneSimulator
		Release|x64 = Release|x64
		Release|x86 = Release|x86
	EndGlobalSection
	GlobalSection(ProjectConfigurationPlatforms) = postSolution
		{9F84A6EF-BB8E-4E49-B067-015B8538F354}.Debug|Any CPU.ActiveCfg = Debug|Any CPU
		{9F84A6EF-BB8E-4E49-B067-015B8538F354}.Debug|Any CPU.Build.0 = Debug|Any CPU
		{9F84A6EF-BB8E-4E49-B067-015B8538F354}.Debug|iPhone.ActiveCfg = Debug|Any CPU
		{9F84A6EF-BB8E-4E49-B067-015B8538F354}.Debug|iPhone.Build.0 = Debug|Any CPU
		{9F84A6EF-BB8E-4E49-B067-015B8538F354}.Debug|iPhoneSimulator.ActiveCfg = Debug|Any CPU
		{9F84A6EF-BB8E-4E49-B067-015B8538F354}.Debug|iPhoneSimulator.Build.0 = Debug|Any CPU
		{9F84A6EF-BB8E-4E49-B067-015B8538F354}.Debug|x64.ActiveCfg = Debug|Any CPU
		{9F84A6EF-BB8E-4E49-B067-015B8538F354}.Debug|x64.Build.0 = Debug|Any CPU
		{9F84A6EF-BB8E-4E49-B067-015B8538F354}.Debug|x86.ActiveCfg = Debug|Any CPU
		{9F84A6EF-BB8E-4E49-B067-015B8538F354}.Debug|x86.Build.0 = Debug|Any CPU
		{9F84A6EF-BB8E-4E49-B067-015B8538F354}.Release|Any CPU.ActiveCfg = Release|Any CPU
		{9F84A6EF-BB8E-4E49-B067-015B8538F354}.Release|Any CPU.Build.0 = Release|Any CPU
		{9F84A6EF-BB8E-4E49-B067-015B8538F354}.Release|iPhone.ActiveCfg = Release|Any CPU
		{9F84A6EF-BB8E-4E49-B067-015B8538F354}.Release|iPhone.Build.0 = Release|Any CPU
		{9F84A6EF-BB8E-4E49-B067-015B8538F354}.Release|iPhoneSimulator.ActiveCfg = Release|Any CPU
		{9F84A6EF-BB8E-4E49-B067-015B8538F354}.Release|iPhoneSimulator.Build.0 = Release|Any CPU
		{9F84A6EF-BB8E-4E49-B067-015B8538F354}.Release|x64.ActiveCfg = Release|Any CPU
		{9F84A6EF-BB8E-4E49-B067-015B8538F354}.Release|x64.Build.0 = Release|Any CPU
		{9F84A6EF-BB8E-4E49-B067-015B8538F354}.Release|x86.ActiveCfg = Release|Any CPU
		{9F84A6EF-BB8E-4E49-B067-015B8538F354}.Release|x86.Build.0 = Release|Any CPU
		{C3BAAF27-0CDE-42A3-A9EE-3A6365265775}.Debug|Any CPU.ActiveCfg = Debug|Any CPU
		{C3BAAF27-0CDE-42A3-A9EE-3A6365265775}.Debug|Any CPU.Build.0 = Debug|Any CPU
		{C3BAAF27-0CDE-42A3-A9EE-3A6365265775}.Debug|iPhone.ActiveCfg = Debug|Any CPU
		{C3BAAF27-0CDE-42A3-A9EE-3A6365265775}.Debug|iPhone.Build.0 = Debug|Any CPU
		{C3BAAF27-0CDE-42A3-A9EE-3A6365265775}.Debug|iPhoneSimulator.ActiveCfg = Debug|Any CPU
		{C3BAAF27-0CDE-42A3-A9EE-3A6365265775}.Debug|iPhoneSimulator.Build.0 = Debug|Any CPU
		{C3BAAF27-0CDE-42A3-A9EE-3A6365265775}.Debug|x64.ActiveCfg = Debug|Any CPU
		{C3BAAF27-0CDE-42A3-A9EE-3A6365265775}.Debug|x64.Build.0 = Debug|Any CPU
		{C3BAAF27-0CDE-42A3-A9EE-3A6365265775}.Debug|x86.ActiveCfg = Debug|Any CPU
		{C3BAAF27-0CDE-42A3-A9EE-3A6365265775}.Debug|x86.Build.0 = Debug|Any CPU
		{C3BAAF27-0CDE-42A3-A9EE-3A6365265775}.Release|Any CPU.ActiveCfg = Release|Any CPU
		{C3BAAF27-0CDE-42A3-A9EE-3A6365265775}.Release|Any CPU.Build.0 = Release|Any CPU
		{C3BAAF27-0CDE-42A3-A9EE-3A6365265775}.Release|iPhone.ActiveCfg = Release|Any CPU
		{C3BAAF27-0CDE-42A3-A9EE-3A6365265775}.Release|iPhone.Build.0 = Release|Any CPU
		{C3BAAF27-0CDE-42A3-A9EE-3A6365265775}.Release|iPhoneSimulator.ActiveCfg = Release|Any CPU
		{C3BAAF27-0CDE-42A3-A9EE-3A6365265775}.Release|iPhoneSimulator.Build.0 = Release|Any CPU
		{C3BAAF27-0CDE-42A3-A9EE-3A6365265775}.Release|x64.ActiveCfg = Release|Any CPU
		{C3BAAF27-0CDE-42A3-A9EE-3A6365265775}.Release|x64.Build.0 = Release|Any CPU
		{C3BAAF27-0CDE-42A3-A9EE-3A6365265775}.Release|x86.ActiveCfg = Release|Any CPU
		{C3BAAF27-0CDE-42A3-A9EE-3A6365265775}.Release|x86.Build.0 = Release|Any CPU
		{280B4759-D43B-4F25-B3A6-F4D346DE7813}.Debug|Any CPU.ActiveCfg = Debug|Any CPU
		{280B4759-D43B-4F25-B3A6-F4D346DE7813}.Debug|Any CPU.Build.0 = Debug|Any CPU
		{280B4759-D43B-4F25-B3A6-F4D346DE7813}.Debug|iPhone.ActiveCfg = Debug|Any CPU
		{280B4759-D43B-4F25-B3A6-F4D346DE7813}.Debug|iPhone.Build.0 = Debug|Any CPU
		{280B4759-D43B-4F25-B3A6-F4D346DE7813}.Debug|iPhoneSimulator.ActiveCfg = Debug|Any CPU
		{280B4759-D43B-4F25-B3A6-F4D346DE7813}.Debug|iPhoneSimulator.Build.0 = Debug|Any CPU
		{280B4759-D43B-4F25-B3A6-F4D346DE7813}.Debug|x64.ActiveCfg = Debug|Any CPU
		{280B4759-D43B-4F25-B3A6-F4D346DE7813}.Debug|x64.Build.0 = Debug|Any CPU
		{280B4759-D43B-4F25-B3A6-F4D346DE7813}.Debug|x86.ActiveCfg = Debug|Any CPU
		{280B4759-D43B-4F25-B3A6-F4D346DE7813}.Debug|x86.Build.0 = Debug|Any CPU
		{280B4759-D43B-4F25-B3A6-F4D346DE7813}.Release|Any CPU.ActiveCfg = Release|Any CPU
		{280B4759-D43B-4F25-B3A6-F4D346DE7813}.Release|Any CPU.Build.0 = Release|Any CPU
		{280B4759-D43B-4F25-B3A6-F4D346DE7813}.Release|iPhone.ActiveCfg = Release|Any CPU
		{280B4759-D43B-4F25-B3A6-F4D346DE7813}.Release|iPhone.Build.0 = Release|Any CPU
		{280B4759-D43B-4F25-B3A6-F4D346DE7813}.Release|iPhoneSimulator.ActiveCfg = Release|Any CPU
		{280B4759-D43B-4F25-B3A6-F4D346DE7813}.Release|iPhoneSimulator.Build.0 = Release|Any CPU
		{280B4759-D43B-4F25-B3A6-F4D346DE7813}.Release|x64.ActiveCfg = Release|Any CPU
		{280B4759-D43B-4F25-B3A6-F4D346DE7813}.Release|x64.Build.0 = Release|Any CPU
		{280B4759-D43B-4F25-B3A6-F4D346DE7813}.Release|x86.ActiveCfg = Release|Any CPU
		{280B4759-D43B-4F25-B3A6-F4D346DE7813}.Release|x86.Build.0 = Release|Any CPU
		{37306091-434C-4B1B-BEF5-7D681EF623D3}.Debug|Any CPU.ActiveCfg = Debug|Any CPU
		{37306091-434C-4B1B-BEF5-7D681EF623D3}.Debug|Any CPU.Build.0 = Debug|Any CPU
		{37306091-434C-4B1B-BEF5-7D681EF623D3}.Debug|iPhone.ActiveCfg = Debug|Any CPU
		{37306091-434C-4B1B-BEF5-7D681EF623D3}.Debug|iPhone.Build.0 = Debug|Any CPU
		{37306091-434C-4B1B-BEF5-7D681EF623D3}.Debug|iPhoneSimulator.ActiveCfg = Debug|Any CPU
		{37306091-434C-4B1B-BEF5-7D681EF623D3}.Debug|iPhoneSimulator.Build.0 = Debug|Any CPU
		{37306091-434C-4B1B-BEF5-7D681EF623D3}.Debug|x64.ActiveCfg = Debug|Any CPU
		{37306091-434C-4B1B-BEF5-7D681EF623D3}.Debug|x64.Build.0 = Debug|Any CPU
		{37306091-434C-4B1B-BEF5-7D681EF623D3}.Debug|x86.ActiveCfg = Debug|Any CPU
		{37306091-434C-4B1B-BEF5-7D681EF623D3}.Debug|x86.Build.0 = Debug|Any CPU
		{37306091-434C-4B1B-BEF5-7D681EF623D3}.Release|Any CPU.ActiveCfg = Release|Any CPU
		{37306091-434C-4B1B-BEF5-7D681EF623D3}.Release|Any CPU.Build.0 = Release|Any CPU
		{37306091-434C-4B1B-BEF5-7D681EF623D3}.Release|iPhone.ActiveCfg = Release|Any CPU
		{37306091-434C-4B1B-BEF5-7D681EF623D3}.Release|iPhone.Build.0 = Release|Any CPU
		{37306091-434C-4B1B-BEF5-7D681EF623D3}.Release|iPhoneSimulator.ActiveCfg = Release|Any CPU
		{37306091-434C-4B1B-BEF5-7D681EF623D3}.Release|iPhoneSimulator.Build.0 = Release|Any CPU
		{37306091-434C-4B1B-BEF5-7D681EF623D3}.Release|x64.ActiveCfg = Release|Any CPU
		{37306091-434C-4B1B-BEF5-7D681EF623D3}.Release|x64.Build.0 = Release|Any CPU
		{37306091-434C-4B1B-BEF5-7D681EF623D3}.Release|x86.ActiveCfg = Release|Any CPU
		{37306091-434C-4B1B-BEF5-7D681EF623D3}.Release|x86.Build.0 = Release|Any CPU
		{EB765080-604B-4521-A4DC-D3561205CCC1}.Debug|Any CPU.ActiveCfg = Debug|Any CPU
		{EB765080-604B-4521-A4DC-D3561205CCC1}.Debug|Any CPU.Build.0 = Debug|Any CPU
		{EB765080-604B-4521-A4DC-D3561205CCC1}.Debug|Any CPU.Deploy.0 = Debug|Any CPU
		{EB765080-604B-4521-A4DC-D3561205CCC1}.Debug|iPhone.ActiveCfg = Debug|Any CPU
		{EB765080-604B-4521-A4DC-D3561205CCC1}.Debug|iPhone.Build.0 = Debug|Any CPU
		{EB765080-604B-4521-A4DC-D3561205CCC1}.Debug|iPhoneSimulator.ActiveCfg = Debug|Any CPU
		{EB765080-604B-4521-A4DC-D3561205CCC1}.Debug|iPhoneSimulator.Build.0 = Debug|Any CPU
		{EB765080-604B-4521-A4DC-D3561205CCC1}.Debug|x64.ActiveCfg = Debug|Any CPU
		{EB765080-604B-4521-A4DC-D3561205CCC1}.Debug|x64.Build.0 = Debug|Any CPU
		{EB765080-604B-4521-A4DC-D3561205CCC1}.Debug|x86.ActiveCfg = Debug|Any CPU
		{EB765080-604B-4521-A4DC-D3561205CCC1}.Debug|x86.Build.0 = Debug|Any CPU
		{EB765080-604B-4521-A4DC-D3561205CCC1}.Release|Any CPU.ActiveCfg = Release|Any CPU
		{EB765080-604B-4521-A4DC-D3561205CCC1}.Release|Any CPU.Build.0 = Release|Any CPU
		{EB765080-604B-4521-A4DC-D3561205CCC1}.Release|iPhone.ActiveCfg = Release|Any CPU
		{EB765080-604B-4521-A4DC-D3561205CCC1}.Release|iPhone.Build.0 = Release|Any CPU
		{EB765080-604B-4521-A4DC-D3561205CCC1}.Release|iPhoneSimulator.ActiveCfg = Release|Any CPU
		{EB765080-604B-4521-A4DC-D3561205CCC1}.Release|iPhoneSimulator.Build.0 = Release|Any CPU
		{EB765080-604B-4521-A4DC-D3561205CCC1}.Release|x64.ActiveCfg = Release|Any CPU
		{EB765080-604B-4521-A4DC-D3561205CCC1}.Release|x64.Build.0 = Release|Any CPU
		{EB765080-604B-4521-A4DC-D3561205CCC1}.Release|x86.ActiveCfg = Release|Any CPU
		{EB765080-604B-4521-A4DC-D3561205CCC1}.Release|x86.Build.0 = Release|Any CPU
		{845BD358-0B31-43B0-BFAD-215E51E84783}.Debug|Any CPU.ActiveCfg = Debug|iPhoneSimulator
		{845BD358-0B31-43B0-BFAD-215E51E84783}.Debug|Any CPU.Build.0 = Debug|iPhoneSimulator
		{845BD358-0B31-43B0-BFAD-215E51E84783}.Debug|iPhone.ActiveCfg = Debug|iPhone
		{845BD358-0B31-43B0-BFAD-215E51E84783}.Debug|iPhone.Build.0 = Debug|iPhone
		{845BD358-0B31-43B0-BFAD-215E51E84783}.Debug|iPhoneSimulator.ActiveCfg = Debug|iPhoneSimulator
		{845BD358-0B31-43B0-BFAD-215E51E84783}.Debug|iPhoneSimulator.Build.0 = Debug|iPhoneSimulator
		{845BD358-0B31-43B0-BFAD-215E51E84783}.Debug|x64.ActiveCfg = Debug|iPhoneSimulator
		{845BD358-0B31-43B0-BFAD-215E51E84783}.Debug|x64.Build.0 = Debug|iPhoneSimulator
		{845BD358-0B31-43B0-BFAD-215E51E84783}.Debug|x86.ActiveCfg = Debug|iPhoneSimulator
		{845BD358-0B31-43B0-BFAD-215E51E84783}.Debug|x86.Build.0 = Debug|iPhoneSimulator
		{845BD358-0B31-43B0-BFAD-215E51E84783}.Release|Any CPU.ActiveCfg = Release|iPhoneSimulator
		{845BD358-0B31-43B0-BFAD-215E51E84783}.Release|Any CPU.Build.0 = Release|iPhoneSimulator
		{845BD358-0B31-43B0-BFAD-215E51E84783}.Release|iPhone.ActiveCfg = Release|iPhone
		{845BD358-0B31-43B0-BFAD-215E51E84783}.Release|iPhone.Build.0 = Release|iPhone
		{845BD358-0B31-43B0-BFAD-215E51E84783}.Release|iPhoneSimulator.ActiveCfg = Release|iPhoneSimulator
		{845BD358-0B31-43B0-BFAD-215E51E84783}.Release|iPhoneSimulator.Build.0 = Release|iPhoneSimulator
		{845BD358-0B31-43B0-BFAD-215E51E84783}.Release|x64.ActiveCfg = Release|iPhoneSimulator
		{845BD358-0B31-43B0-BFAD-215E51E84783}.Release|x64.Build.0 = Release|iPhoneSimulator
		{845BD358-0B31-43B0-BFAD-215E51E84783}.Release|x86.ActiveCfg = Release|iPhoneSimulator
		{845BD358-0B31-43B0-BFAD-215E51E84783}.Release|x86.Build.0 = Release|iPhoneSimulator
		{A103E364-31D3-4086-A42E-6292064E20E2}.Debug|Any CPU.ActiveCfg = Debug|Any CPU
		{A103E364-31D3-4086-A42E-6292064E20E2}.Debug|Any CPU.Build.0 = Debug|Any CPU
		{A103E364-31D3-4086-A42E-6292064E20E2}.Debug|iPhone.ActiveCfg = Debug|Any CPU
		{A103E364-31D3-4086-A42E-6292064E20E2}.Debug|iPhone.Build.0 = Debug|Any CPU
		{A103E364-31D3-4086-A42E-6292064E20E2}.Debug|iPhoneSimulator.ActiveCfg = Debug|Any CPU
		{A103E364-31D3-4086-A42E-6292064E20E2}.Debug|iPhoneSimulator.Build.0 = Debug|Any CPU
		{A103E364-31D3-4086-A42E-6292064E20E2}.Debug|x64.ActiveCfg = Debug|Any CPU
		{A103E364-31D3-4086-A42E-6292064E20E2}.Debug|x64.Build.0 = Debug|Any CPU
		{A103E364-31D3-4086-A42E-6292064E20E2}.Debug|x86.ActiveCfg = Debug|Any CPU
		{A103E364-31D3-4086-A42E-6292064E20E2}.Debug|x86.Build.0 = Debug|Any CPU
		{A103E364-31D3-4086-A42E-6292064E20E2}.Release|Any CPU.ActiveCfg = Release|Any CPU
		{A103E364-31D3-4086-A42E-6292064E20E2}.Release|Any CPU.Build.0 = Release|Any CPU
		{A103E364-31D3-4086-A42E-6292064E20E2}.Release|iPhone.ActiveCfg = Release|Any CPU
		{A103E364-31D3-4086-A42E-6292064E20E2}.Release|iPhone.Build.0 = Release|Any CPU
		{A103E364-31D3-4086-A42E-6292064E20E2}.Release|iPhoneSimulator.ActiveCfg = Release|Any CPU
		{A103E364-31D3-4086-A42E-6292064E20E2}.Release|iPhoneSimulator.Build.0 = Release|Any CPU
		{A103E364-31D3-4086-A42E-6292064E20E2}.Release|x64.ActiveCfg = Release|Any CPU
		{A103E364-31D3-4086-A42E-6292064E20E2}.Release|x64.Build.0 = Release|Any CPU
		{A103E364-31D3-4086-A42E-6292064E20E2}.Release|x86.ActiveCfg = Release|Any CPU
		{A103E364-31D3-4086-A42E-6292064E20E2}.Release|x86.Build.0 = Release|Any CPU
		{0996E458-4F78-4103-9273-2DE3CBDADE59}.Debug|Any CPU.ActiveCfg = Debug|Any CPU
		{0996E458-4F78-4103-9273-2DE3CBDADE59}.Debug|Any CPU.Build.0 = Debug|Any CPU
		{0996E458-4F78-4103-9273-2DE3CBDADE59}.Debug|iPhone.ActiveCfg = Debug|Any CPU
		{0996E458-4F78-4103-9273-2DE3CBDADE59}.Debug|iPhone.Build.0 = Debug|Any CPU
		{0996E458-4F78-4103-9273-2DE3CBDADE59}.Debug|iPhoneSimulator.ActiveCfg = Debug|Any CPU
		{0996E458-4F78-4103-9273-2DE3CBDADE59}.Debug|iPhoneSimulator.Build.0 = Debug|Any CPU
		{0996E458-4F78-4103-9273-2DE3CBDADE59}.Debug|x64.ActiveCfg = Debug|Any CPU
		{0996E458-4F78-4103-9273-2DE3CBDADE59}.Debug|x64.Build.0 = Debug|Any CPU
		{0996E458-4F78-4103-9273-2DE3CBDADE59}.Debug|x86.ActiveCfg = Debug|Any CPU
		{0996E458-4F78-4103-9273-2DE3CBDADE59}.Debug|x86.Build.0 = Debug|Any CPU
		{0996E458-4F78-4103-9273-2DE3CBDADE59}.Release|Any CPU.ActiveCfg = Release|Any CPU
		{0996E458-4F78-4103-9273-2DE3CBDADE59}.Release|Any CPU.Build.0 = Release|Any CPU
		{0996E458-4F78-4103-9273-2DE3CBDADE59}.Release|iPhone.ActiveCfg = Release|Any CPU
		{0996E458-4F78-4103-9273-2DE3CBDADE59}.Release|iPhone.Build.0 = Release|Any CPU
		{0996E458-4F78-4103-9273-2DE3CBDADE59}.Release|iPhoneSimulator.ActiveCfg = Release|Any CPU
		{0996E458-4F78-4103-9273-2DE3CBDADE59}.Release|iPhoneSimulator.Build.0 = Release|Any CPU
		{0996E458-4F78-4103-9273-2DE3CBDADE59}.Release|x64.ActiveCfg = Release|Any CPU
		{0996E458-4F78-4103-9273-2DE3CBDADE59}.Release|x64.Build.0 = Release|Any CPU
		{0996E458-4F78-4103-9273-2DE3CBDADE59}.Release|x86.ActiveCfg = Release|Any CPU
		{0996E458-4F78-4103-9273-2DE3CBDADE59}.Release|x86.Build.0 = Release|Any CPU
		{17DADA86-3A83-4144-9020-317D36833B97}.Debug|Any CPU.ActiveCfg = Debug|Any CPU
		{17DADA86-3A83-4144-9020-317D36833B97}.Debug|Any CPU.Build.0 = Debug|Any CPU
		{17DADA86-3A83-4144-9020-317D36833B97}.Debug|iPhone.ActiveCfg = Debug|Any CPU
		{17DADA86-3A83-4144-9020-317D36833B97}.Debug|iPhone.Build.0 = Debug|Any CPU
		{17DADA86-3A83-4144-9020-317D36833B97}.Debug|iPhoneSimulator.ActiveCfg = Debug|Any CPU
		{17DADA86-3A83-4144-9020-317D36833B97}.Debug|iPhoneSimulator.Build.0 = Debug|Any CPU
		{17DADA86-3A83-4144-9020-317D36833B97}.Debug|x64.ActiveCfg = Debug|Any CPU
		{17DADA86-3A83-4144-9020-317D36833B97}.Debug|x64.Build.0 = Debug|Any CPU
		{17DADA86-3A83-4144-9020-317D36833B97}.Debug|x86.ActiveCfg = Debug|Any CPU
		{17DADA86-3A83-4144-9020-317D36833B97}.Debug|x86.Build.0 = Debug|Any CPU
		{17DADA86-3A83-4144-9020-317D36833B97}.Release|Any CPU.ActiveCfg = Release|Any CPU
		{17DADA86-3A83-4144-9020-317D36833B97}.Release|Any CPU.Build.0 = Release|Any CPU
		{17DADA86-3A83-4144-9020-317D36833B97}.Release|iPhone.ActiveCfg = Release|Any CPU
		{17DADA86-3A83-4144-9020-317D36833B97}.Release|iPhone.Build.0 = Release|Any CPU
		{17DADA86-3A83-4144-9020-317D36833B97}.Release|iPhoneSimulator.ActiveCfg = Release|Any CPU
		{17DADA86-3A83-4144-9020-317D36833B97}.Release|iPhoneSimulator.Build.0 = Release|Any CPU
		{17DADA86-3A83-4144-9020-317D36833B97}.Release|x64.ActiveCfg = Release|Any CPU
		{17DADA86-3A83-4144-9020-317D36833B97}.Release|x64.Build.0 = Release|Any CPU
		{17DADA86-3A83-4144-9020-317D36833B97}.Release|x86.ActiveCfg = Release|Any CPU
		{17DADA86-3A83-4144-9020-317D36833B97}.Release|x86.Build.0 = Release|Any CPU
		{15355AAC-C728-4FB5-85FB-022BACBC81D8}.Debug|Any CPU.ActiveCfg = Debug|Any CPU
		{15355AAC-C728-4FB5-85FB-022BACBC81D8}.Debug|Any CPU.Build.0 = Debug|Any CPU
		{15355AAC-C728-4FB5-85FB-022BACBC81D8}.Debug|iPhone.ActiveCfg = Debug|Any CPU
		{15355AAC-C728-4FB5-85FB-022BACBC81D8}.Debug|iPhone.Build.0 = Debug|Any CPU
		{15355AAC-C728-4FB5-85FB-022BACBC81D8}.Debug|iPhoneSimulator.ActiveCfg = Debug|Any CPU
		{15355AAC-C728-4FB5-85FB-022BACBC81D8}.Debug|iPhoneSimulator.Build.0 = Debug|Any CPU
		{15355AAC-C728-4FB5-85FB-022BACBC81D8}.Debug|x64.ActiveCfg = Debug|Any CPU
		{15355AAC-C728-4FB5-85FB-022BACBC81D8}.Debug|x64.Build.0 = Debug|Any CPU
		{15355AAC-C728-4FB5-85FB-022BACBC81D8}.Debug|x86.ActiveCfg = Debug|Any CPU
		{15355AAC-C728-4FB5-85FB-022BACBC81D8}.Debug|x86.Build.0 = Debug|Any CPU
		{15355AAC-C728-4FB5-85FB-022BACBC81D8}.Release|Any CPU.ActiveCfg = Release|Any CPU
		{15355AAC-C728-4FB5-85FB-022BACBC81D8}.Release|Any CPU.Build.0 = Release|Any CPU
		{15355AAC-C728-4FB5-85FB-022BACBC81D8}.Release|iPhone.ActiveCfg = Release|Any CPU
		{15355AAC-C728-4FB5-85FB-022BACBC81D8}.Release|iPhone.Build.0 = Release|Any CPU
		{15355AAC-C728-4FB5-85FB-022BACBC81D8}.Release|iPhoneSimulator.ActiveCfg = Release|Any CPU
		{15355AAC-C728-4FB5-85FB-022BACBC81D8}.Release|iPhoneSimulator.Build.0 = Release|Any CPU
		{15355AAC-C728-4FB5-85FB-022BACBC81D8}.Release|x64.ActiveCfg = Release|Any CPU
		{15355AAC-C728-4FB5-85FB-022BACBC81D8}.Release|x64.Build.0 = Release|Any CPU
		{15355AAC-C728-4FB5-85FB-022BACBC81D8}.Release|x86.ActiveCfg = Release|Any CPU
		{15355AAC-C728-4FB5-85FB-022BACBC81D8}.Release|x86.Build.0 = Release|Any CPU
		{CFA48A46-4FB0-4B2B-99EE-C1A98B807A27}.Debug|Any CPU.ActiveCfg = Debug|Any CPU
		{CFA48A46-4FB0-4B2B-99EE-C1A98B807A27}.Debug|Any CPU.Build.0 = Debug|Any CPU
		{CFA48A46-4FB0-4B2B-99EE-C1A98B807A27}.Debug|iPhone.ActiveCfg = Debug|Any CPU
		{CFA48A46-4FB0-4B2B-99EE-C1A98B807A27}.Debug|iPhone.Build.0 = Debug|Any CPU
		{CFA48A46-4FB0-4B2B-99EE-C1A98B807A27}.Debug|iPhoneSimulator.ActiveCfg = Debug|Any CPU
		{CFA48A46-4FB0-4B2B-99EE-C1A98B807A27}.Debug|iPhoneSimulator.Build.0 = Debug|Any CPU
		{CFA48A46-4FB0-4B2B-99EE-C1A98B807A27}.Debug|x64.ActiveCfg = Debug|Any CPU
		{CFA48A46-4FB0-4B2B-99EE-C1A98B807A27}.Debug|x64.Build.0 = Debug|Any CPU
		{CFA48A46-4FB0-4B2B-99EE-C1A98B807A27}.Debug|x86.ActiveCfg = Debug|Any CPU
		{CFA48A46-4FB0-4B2B-99EE-C1A98B807A27}.Debug|x86.Build.0 = Debug|Any CPU
		{CFA48A46-4FB0-4B2B-99EE-C1A98B807A27}.Release|Any CPU.ActiveCfg = Release|Any CPU
		{CFA48A46-4FB0-4B2B-99EE-C1A98B807A27}.Release|Any CPU.Build.0 = Release|Any CPU
		{CFA48A46-4FB0-4B2B-99EE-C1A98B807A27}.Release|iPhone.ActiveCfg = Release|Any CPU
		{CFA48A46-4FB0-4B2B-99EE-C1A98B807A27}.Release|iPhone.Build.0 = Release|Any CPU
		{CFA48A46-4FB0-4B2B-99EE-C1A98B807A27}.Release|iPhoneSimulator.ActiveCfg = Release|Any CPU
		{CFA48A46-4FB0-4B2B-99EE-C1A98B807A27}.Release|iPhoneSimulator.Build.0 = Release|Any CPU
		{CFA48A46-4FB0-4B2B-99EE-C1A98B807A27}.Release|x64.ActiveCfg = Release|Any CPU
		{CFA48A46-4FB0-4B2B-99EE-C1A98B807A27}.Release|x64.Build.0 = Release|Any CPU
		{CFA48A46-4FB0-4B2B-99EE-C1A98B807A27}.Release|x86.ActiveCfg = Release|Any CPU
		{CFA48A46-4FB0-4B2B-99EE-C1A98B807A27}.Release|x86.Build.0 = Release|Any CPU
		{66A60072-521A-49E0-93E5-7FB136813452}.Debug|Any CPU.ActiveCfg = Debug|Any CPU
		{66A60072-521A-49E0-93E5-7FB136813452}.Debug|Any CPU.Build.0 = Debug|Any CPU
		{66A60072-521A-49E0-93E5-7FB136813452}.Debug|iPhone.ActiveCfg = Debug|Any CPU
		{66A60072-521A-49E0-93E5-7FB136813452}.Debug|iPhone.Build.0 = Debug|Any CPU
		{66A60072-521A-49E0-93E5-7FB136813452}.Debug|iPhoneSimulator.ActiveCfg = Debug|Any CPU
		{66A60072-521A-49E0-93E5-7FB136813452}.Debug|iPhoneSimulator.Build.0 = Debug|Any CPU
		{66A60072-521A-49E0-93E5-7FB136813452}.Debug|x64.ActiveCfg = Debug|Any CPU
		{66A60072-521A-49E0-93E5-7FB136813452}.Debug|x64.Build.0 = Debug|Any CPU
		{66A60072-521A-49E0-93E5-7FB136813452}.Debug|x86.ActiveCfg = Debug|Any CPU
		{66A60072-521A-49E0-93E5-7FB136813452}.Debug|x86.Build.0 = Debug|Any CPU
		{66A60072-521A-49E0-93E5-7FB136813452}.Release|Any CPU.ActiveCfg = Release|Any CPU
		{66A60072-521A-49E0-93E5-7FB136813452}.Release|Any CPU.Build.0 = Release|Any CPU
		{66A60072-521A-49E0-93E5-7FB136813452}.Release|iPhone.ActiveCfg = Release|Any CPU
		{66A60072-521A-49E0-93E5-7FB136813452}.Release|iPhone.Build.0 = Release|Any CPU
		{66A60072-521A-49E0-93E5-7FB136813452}.Release|iPhoneSimulator.ActiveCfg = Release|Any CPU
		{66A60072-521A-49E0-93E5-7FB136813452}.Release|iPhoneSimulator.Build.0 = Release|Any CPU
		{66A60072-521A-49E0-93E5-7FB136813452}.Release|x64.ActiveCfg = Release|Any CPU
		{66A60072-521A-49E0-93E5-7FB136813452}.Release|x64.Build.0 = Release|Any CPU
		{66A60072-521A-49E0-93E5-7FB136813452}.Release|x86.ActiveCfg = Release|Any CPU
		{66A60072-521A-49E0-93E5-7FB136813452}.Release|x86.Build.0 = Release|Any CPU
		{8C8B3367-DB82-4A3F-909D-3ACA4A71B086}.Debug|Any CPU.ActiveCfg = Debug|Any CPU
		{8C8B3367-DB82-4A3F-909D-3ACA4A71B086}.Debug|Any CPU.Build.0 = Debug|Any CPU
		{8C8B3367-DB82-4A3F-909D-3ACA4A71B086}.Debug|iPhone.ActiveCfg = Debug|Any CPU
		{8C8B3367-DB82-4A3F-909D-3ACA4A71B086}.Debug|iPhone.Build.0 = Debug|Any CPU
		{8C8B3367-DB82-4A3F-909D-3ACA4A71B086}.Debug|iPhoneSimulator.ActiveCfg = Debug|Any CPU
		{8C8B3367-DB82-4A3F-909D-3ACA4A71B086}.Debug|iPhoneSimulator.Build.0 = Debug|Any CPU
		{8C8B3367-DB82-4A3F-909D-3ACA4A71B086}.Debug|x64.ActiveCfg = Debug|Any CPU
		{8C8B3367-DB82-4A3F-909D-3ACA4A71B086}.Debug|x64.Build.0 = Debug|Any CPU
		{8C8B3367-DB82-4A3F-909D-3ACA4A71B086}.Debug|x86.ActiveCfg = Debug|Any CPU
		{8C8B3367-DB82-4A3F-909D-3ACA4A71B086}.Debug|x86.Build.0 = Debug|Any CPU
		{8C8B3367-DB82-4A3F-909D-3ACA4A71B086}.Release|Any CPU.ActiveCfg = Release|Any CPU
		{8C8B3367-DB82-4A3F-909D-3ACA4A71B086}.Release|Any CPU.Build.0 = Release|Any CPU
		{8C8B3367-DB82-4A3F-909D-3ACA4A71B086}.Release|iPhone.ActiveCfg = Release|Any CPU
		{8C8B3367-DB82-4A3F-909D-3ACA4A71B086}.Release|iPhone.Build.0 = Release|Any CPU
		{8C8B3367-DB82-4A3F-909D-3ACA4A71B086}.Release|iPhoneSimulator.ActiveCfg = Release|Any CPU
		{8C8B3367-DB82-4A3F-909D-3ACA4A71B086}.Release|iPhoneSimulator.Build.0 = Release|Any CPU
		{8C8B3367-DB82-4A3F-909D-3ACA4A71B086}.Release|x64.ActiveCfg = Release|Any CPU
		{8C8B3367-DB82-4A3F-909D-3ACA4A71B086}.Release|x64.Build.0 = Release|Any CPU
		{8C8B3367-DB82-4A3F-909D-3ACA4A71B086}.Release|x86.ActiveCfg = Release|Any CPU
		{8C8B3367-DB82-4A3F-909D-3ACA4A71B086}.Release|x86.Build.0 = Release|Any CPU
		{8211402D-4F2F-40C2-9998-5ADE7A5675D9}.Debug|Any CPU.ActiveCfg = Debug|Any CPU
		{8211402D-4F2F-40C2-9998-5ADE7A5675D9}.Debug|Any CPU.Build.0 = Debug|Any CPU
		{8211402D-4F2F-40C2-9998-5ADE7A5675D9}.Debug|iPhone.ActiveCfg = Debug|Any CPU
		{8211402D-4F2F-40C2-9998-5ADE7A5675D9}.Debug|iPhone.Build.0 = Debug|Any CPU
		{8211402D-4F2F-40C2-9998-5ADE7A5675D9}.Debug|iPhoneSimulator.ActiveCfg = Debug|Any CPU
		{8211402D-4F2F-40C2-9998-5ADE7A5675D9}.Debug|iPhoneSimulator.Build.0 = Debug|Any CPU
		{8211402D-4F2F-40C2-9998-5ADE7A5675D9}.Debug|x64.ActiveCfg = Debug|Any CPU
		{8211402D-4F2F-40C2-9998-5ADE7A5675D9}.Debug|x64.Build.0 = Debug|Any CPU
		{8211402D-4F2F-40C2-9998-5ADE7A5675D9}.Debug|x86.ActiveCfg = Debug|Any CPU
		{8211402D-4F2F-40C2-9998-5ADE7A5675D9}.Debug|x86.Build.0 = Debug|Any CPU
		{8211402D-4F2F-40C2-9998-5ADE7A5675D9}.Release|Any CPU.ActiveCfg = Release|Any CPU
		{8211402D-4F2F-40C2-9998-5ADE7A5675D9}.Release|Any CPU.Build.0 = Release|Any CPU
		{8211402D-4F2F-40C2-9998-5ADE7A5675D9}.Release|iPhone.ActiveCfg = Release|Any CPU
		{8211402D-4F2F-40C2-9998-5ADE7A5675D9}.Release|iPhone.Build.0 = Release|Any CPU
		{8211402D-4F2F-40C2-9998-5ADE7A5675D9}.Release|iPhoneSimulator.ActiveCfg = Release|Any CPU
		{8211402D-4F2F-40C2-9998-5ADE7A5675D9}.Release|iPhoneSimulator.Build.0 = Release|Any CPU
		{8211402D-4F2F-40C2-9998-5ADE7A5675D9}.Release|x64.ActiveCfg = Release|Any CPU
		{8211402D-4F2F-40C2-9998-5ADE7A5675D9}.Release|x64.Build.0 = Release|Any CPU
		{8211402D-4F2F-40C2-9998-5ADE7A5675D9}.Release|x86.ActiveCfg = Release|Any CPU
		{8211402D-4F2F-40C2-9998-5ADE7A5675D9}.Release|x86.Build.0 = Release|Any CPU
		{11E02D38-077E-45A0-B7D2-979150C7E5F5}.Debug|Any CPU.ActiveCfg = Debug|Any CPU
		{11E02D38-077E-45A0-B7D2-979150C7E5F5}.Debug|Any CPU.Build.0 = Debug|Any CPU
		{11E02D38-077E-45A0-B7D2-979150C7E5F5}.Debug|iPhone.ActiveCfg = Debug|Any CPU
		{11E02D38-077E-45A0-B7D2-979150C7E5F5}.Debug|iPhone.Build.0 = Debug|Any CPU
		{11E02D38-077E-45A0-B7D2-979150C7E5F5}.Debug|iPhoneSimulator.ActiveCfg = Debug|Any CPU
		{11E02D38-077E-45A0-B7D2-979150C7E5F5}.Debug|iPhoneSimulator.Build.0 = Debug|Any CPU
		{11E02D38-077E-45A0-B7D2-979150C7E5F5}.Debug|x64.ActiveCfg = Debug|Any CPU
		{11E02D38-077E-45A0-B7D2-979150C7E5F5}.Debug|x64.Build.0 = Debug|Any CPU
		{11E02D38-077E-45A0-B7D2-979150C7E5F5}.Debug|x86.ActiveCfg = Debug|Any CPU
		{11E02D38-077E-45A0-B7D2-979150C7E5F5}.Debug|x86.Build.0 = Debug|Any CPU
		{11E02D38-077E-45A0-B7D2-979150C7E5F5}.Release|Any CPU.ActiveCfg = Release|Any CPU
		{11E02D38-077E-45A0-B7D2-979150C7E5F5}.Release|Any CPU.Build.0 = Release|Any CPU
		{11E02D38-077E-45A0-B7D2-979150C7E5F5}.Release|iPhone.ActiveCfg = Release|Any CPU
		{11E02D38-077E-45A0-B7D2-979150C7E5F5}.Release|iPhone.Build.0 = Release|Any CPU
		{11E02D38-077E-45A0-B7D2-979150C7E5F5}.Release|iPhoneSimulator.ActiveCfg = Release|Any CPU
		{11E02D38-077E-45A0-B7D2-979150C7E5F5}.Release|iPhoneSimulator.Build.0 = Release|Any CPU
		{11E02D38-077E-45A0-B7D2-979150C7E5F5}.Release|x64.ActiveCfg = Release|Any CPU
		{11E02D38-077E-45A0-B7D2-979150C7E5F5}.Release|x64.Build.0 = Release|Any CPU
		{11E02D38-077E-45A0-B7D2-979150C7E5F5}.Release|x86.ActiveCfg = Release|Any CPU
		{11E02D38-077E-45A0-B7D2-979150C7E5F5}.Release|x86.Build.0 = Release|Any CPU
		{7045D8D2-BE83-41AD-AABF-BD0258BACEAD}.Debug|Any CPU.ActiveCfg = Debug|Any CPU
		{7045D8D2-BE83-41AD-AABF-BD0258BACEAD}.Debug|Any CPU.Build.0 = Debug|Any CPU
		{7045D8D2-BE83-41AD-AABF-BD0258BACEAD}.Debug|iPhone.ActiveCfg = Debug|Any CPU
		{7045D8D2-BE83-41AD-AABF-BD0258BACEAD}.Debug|iPhone.Build.0 = Debug|Any CPU
		{7045D8D2-BE83-41AD-AABF-BD0258BACEAD}.Debug|iPhoneSimulator.ActiveCfg = Debug|Any CPU
		{7045D8D2-BE83-41AD-AABF-BD0258BACEAD}.Debug|iPhoneSimulator.Build.0 = Debug|Any CPU
		{7045D8D2-BE83-41AD-AABF-BD0258BACEAD}.Debug|x64.ActiveCfg = Debug|Any CPU
		{7045D8D2-BE83-41AD-AABF-BD0258BACEAD}.Debug|x64.Build.0 = Debug|Any CPU
		{7045D8D2-BE83-41AD-AABF-BD0258BACEAD}.Debug|x86.ActiveCfg = Debug|Any CPU
		{7045D8D2-BE83-41AD-AABF-BD0258BACEAD}.Debug|x86.Build.0 = Debug|Any CPU
		{7045D8D2-BE83-41AD-AABF-BD0258BACEAD}.Release|Any CPU.ActiveCfg = Release|Any CPU
		{7045D8D2-BE83-41AD-AABF-BD0258BACEAD}.Release|Any CPU.Build.0 = Release|Any CPU
		{7045D8D2-BE83-41AD-AABF-BD0258BACEAD}.Release|iPhone.ActiveCfg = Release|Any CPU
		{7045D8D2-BE83-41AD-AABF-BD0258BACEAD}.Release|iPhone.Build.0 = Release|Any CPU
		{7045D8D2-BE83-41AD-AABF-BD0258BACEAD}.Release|iPhoneSimulator.ActiveCfg = Release|Any CPU
		{7045D8D2-BE83-41AD-AABF-BD0258BACEAD}.Release|iPhoneSimulator.Build.0 = Release|Any CPU
		{7045D8D2-BE83-41AD-AABF-BD0258BACEAD}.Release|x64.ActiveCfg = Release|Any CPU
		{7045D8D2-BE83-41AD-AABF-BD0258BACEAD}.Release|x64.Build.0 = Release|Any CPU
		{7045D8D2-BE83-41AD-AABF-BD0258BACEAD}.Release|x86.ActiveCfg = Release|Any CPU
		{7045D8D2-BE83-41AD-AABF-BD0258BACEAD}.Release|x86.Build.0 = Release|Any CPU
	EndGlobalSection
	GlobalSection(SolutionProperties) = preSolution
		HideSolutionNode = FALSE
	EndGlobalSection
	GlobalSection(NestedProjects) = preSolution
		{82B0FD2F-E975-4BFA-AF4F-1CA8226D38CF} = {D11CBD0A-1AA4-420E-A99E-931AB3234AFF}
		{9F84A6EF-BB8E-4E49-B067-015B8538F354} = {82B0FD2F-E975-4BFA-AF4F-1CA8226D38CF}
		{C3BAAF27-0CDE-42A3-A9EE-3A6365265775} = {82B0FD2F-E975-4BFA-AF4F-1CA8226D38CF}
		{280B4759-D43B-4F25-B3A6-F4D346DE7813} = {82B0FD2F-E975-4BFA-AF4F-1CA8226D38CF}
		{37306091-434C-4B1B-BEF5-7D681EF623D3} = {82B0FD2F-E975-4BFA-AF4F-1CA8226D38CF}
		{EB765080-604B-4521-A4DC-D3561205CCC1} = {05466BC3-E694-43D7-93CC-2F6DCD3848F6}
		{845BD358-0B31-43B0-BFAD-215E51E84783} = {05466BC3-E694-43D7-93CC-2F6DCD3848F6}
		{A103E364-31D3-4086-A42E-6292064E20E2} = {05466BC3-E694-43D7-93CC-2F6DCD3848F6}
		{AA1E1407-DDE9-4C75-A9E4-D0183B5018D6} = {D11CBD0A-1AA4-420E-A99E-931AB3234AFF}
		{0996E458-4F78-4103-9273-2DE3CBDADE59} = {AA1E1407-DDE9-4C75-A9E4-D0183B5018D6}
		{17DADA86-3A83-4144-9020-317D36833B97} = {AA1E1407-DDE9-4C75-A9E4-D0183B5018D6}
		{15355AAC-C728-4FB5-85FB-022BACBC81D8} = {AA1E1407-DDE9-4C75-A9E4-D0183B5018D6}
		{CFA48A46-4FB0-4B2B-99EE-C1A98B807A27} = {AA1E1407-DDE9-4C75-A9E4-D0183B5018D6}
		{66A60072-521A-49E0-93E5-7FB136813452} = {AA1E1407-DDE9-4C75-A9E4-D0183B5018D6}
		{8C8B3367-DB82-4A3F-909D-3ACA4A71B086} = {AA1E1407-DDE9-4C75-A9E4-D0183B5018D6}
		{D9028F39-B726-496C-8C6B-6088CEC41529} = {D11CBD0A-1AA4-420E-A99E-931AB3234AFF}
		{11E02D38-077E-45A0-B7D2-979150C7E5F5} = {D9028F39-B726-496C-8C6B-6088CEC41529}
		{7045D8D2-BE83-41AD-AABF-BD0258BACEAD} = {36A3D314-5E38-41D9-8DE6-B657E0B5465F}
	EndGlobalSection
	GlobalSection(ExtensibilityGlobals) = postSolution
		SolutionGuid = {7E1522C0-F63E-4CE0-9B9A-FB7A01A829DF}
	EndGlobalSection
EndGlobal
