
Microsoft Visual Studio Solution File, Format Version 12.00
# Visual Studio Version 16
VisualStudioVersion = 16.0.29911.84
MinimumVisualStudioVersion = 15.0.26124.0
Project("{2150E333-8FDC-42A3-9474-1A3956D46DE8}") = "Services", "Services", "{D11CBD0A-1AA4-420E-A99E-931AB3234AFF}"
EndProject
Project("{2150E333-8FDC-42A3-9474-1A3956D46DE8}") = "Accounts", "Accounts", "{82B0FD2F-E975-4BFA-AF4F-1CA8226D38CF}"
EndProject
Project("{9A19103F-16F7-4668-BE54-9A1E7A4F7556}") = "Accounts.Domain", "Services\Accounts\Accounts.Domain\Accounts.Domain.csproj", "{9F84A6EF-BB8E-4E49-B067-015B8538F354}"
EndProject
Project("{9A19103F-16F7-4668-BE54-9A1E7A4F7556}") = "Accounts.Infrastructure", "Services\Accounts\Accounts.Infrastructure\Accounts.Infrastructure.csproj", "{C3BAAF27-0CDE-42A3-A9EE-3A6365265775}"
EndProject
Project("{9A19103F-16F7-4668-BE54-9A1E7A4F7556}") = "Accounts.Api", "Services\Accounts\Accounts.Api\Accounts.Api.csproj", "{280B4759-D43B-4F25-B3A6-F4D346DE7813}"
EndProject
Project("{9A19103F-16F7-4668-BE54-9A1E7A4F7556}") = "Accounts.UnitTests", "Services\Accounts\Accounts.UnitTests\Accounts.UnitTests.csproj", "{37306091-434C-4B1B-BEF5-7D681EF623D3}"
EndProject
Project("{2150E333-8FDC-42A3-9474-1A3956D46DE8}") = "Mobile", "Mobile", "{05466BC3-E694-43D7-93CC-2F6DCD3848F6}"
EndProject
Project("{FAE04EC0-301F-11D3-BF4B-00C04F79EFBC}") = "Cerber.Android", "Mobile\Cerber.Android\Cerber.Android.csproj", "{EB765080-604B-4521-A4DC-D3561205CCC1}"
EndProject
Project("{FAE04EC0-301F-11D3-BF4B-00C04F79EFBC}") = "Cerber.iOS", "Mobile\Cerber.iOS\Cerber.iOS.csproj", "{845BD358-0B31-43B0-BFAD-215E51E84783}"
EndProject
Project("{9A19103F-16F7-4668-BE54-9A1E7A4F7556}") = "Cerber", "Mobile\Cerber\Cerber.csproj", "{A103E364-31D3-4086-A42E-6292064E20E2}"
EndProject
Project("{2150E333-8FDC-42A3-9474-1A3956D46DE8}") = "Availability", "Availability", "{AA1E1407-DDE9-4C75-A9E4-D0183B5018D6}"
EndProject
Project("{2150E333-8FDC-42A3-9474-1A3956D46DE8}") = "Gateway", "Gateway", "{D9028F39-B726-496C-8C6B-6088CEC41529}"
EndProject
Project("{E53339B2-1760-4266-BCC7-CA923CBCF16C}") = "docker-compose", "docker-compose.dcproj", "{8211402D-4F2F-40C2-9998-5ADE7A5675D9}"
EndProject
Project("{2150E333-8FDC-42A3-9474-1A3956D46DE8}") = "Client", "Client", "{36A3D314-5E38-41D9-8DE6-B657E0B5465F}"
EndProject
Project("{9344BDBB-3E7F-41FC-A0DD-8665D75EE146}") = "Availability.Api", "Services\Availability\Availability.Api\Availability.Api.csproj", "{EC169210-DE50-4561-8823-654C0B906A9C}"
EndProject
Project("{9344BDBB-3E7F-41FC-A0DD-8665D75EE146}") = "Availability.Domain", "Services\Availability\Availability.Domain\Availability.Domain.csproj", "{C5FF1728-B57B-422A-9816-6EDAFE0CEBDB}"
EndProject
Project("{9344BDBB-3E7F-41FC-A0DD-8665D75EE146}") = "Availability.Infrastructure", "Services\Availability\Availability.Infrastructure\Availability.Infrastructure.csproj", "{22EAFD86-6050-4239-A19C-3DCB4767E916}"
EndProject
Project("{9344BDBB-3E7F-41FC-A0DD-8665D75EE146}") = "Availability.UnitTests", "Services\Availability\Availability.UnitTests\Availability.UnitTests.csproj", "{55219FEE-CB16-4BB8-8BBC-23E658F55E29}"
EndProject
Project("{9344BDBB-3E7F-41FC-A0DD-8665D75EE146}") = "Availability.Worker", "Services\Availability\Availability.Worker\Availability.Worker.csproj", "{0DACBCD6-9D87-46B1-9B8C-C6CE05F7C523}"
EndProject
Project("{9344BDBB-3E7F-41FC-A0DD-8665D75EE146}") = "Availability.Worker.UnitTests", "Services\Availability\Availability.Worker.UnitTests\Availability.Worker.UnitTests.csproj", "{BE4D001E-7799-48EE-87BC-17E306FCE507}"
EndProject
Project("{9344BDBB-3E7F-41FC-A0DD-8665D75EE146}") = "Gateway.Api", "Services\Gateway\Gateway.Api\Gateway.Api.csproj", "{695E14AB-CE08-4B1F-89E2-92D38015BB50}"
EndProject
Project("{FAE04EC0-301F-11D3-BF4B-00C04F79EFBC}") = "Cerber.Client", "Client\Cerber.Client\Cerber.Client.csproj", "{06AE7D54-69AE-487C-B888-3A36AD0C1269}"
EndProject
Global
	GlobalSection(SolutionConfigurationPlatforms) = preSolution
		Debug|Any CPU = Debug|Any CPU
		Debug|iPhone = Debug|iPhone
		Debug|iPhoneSimulator = Debug|iPhoneSimulator
		Debug|x64 = Debug|x64
		Debug|x86 = Debug|x86
		Release|Any CPU = Release|Any CPU
		Release|iPhone = Release|iPhone
		Release|iPhoneSimulator = Release|iPhoneSimulator
		Release|x64 = Release|x64
		Release|x86 = Release|x86
	EndGlobalSection
	GlobalSection(ProjectConfigurationPlatforms) = postSolution
		{9F84A6EF-BB8E-4E49-B067-015B8538F354}.Debug|Any CPU.ActiveCfg = Debug|Any CPU
		{9F84A6EF-BB8E-4E49-B067-015B8538F354}.Debug|Any CPU.Build.0 = Debug|Any CPU
		{9F84A6EF-BB8E-4E49-B067-015B8538F354}.Debug|iPhone.ActiveCfg = Debug|Any CPU
		{9F84A6EF-BB8E-4E49-B067-015B8538F354}.Debug|iPhone.Build.0 = Debug|Any CPU
		{9F84A6EF-BB8E-4E49-B067-015B8538F354}.Debug|iPhoneSimulator.ActiveCfg = Debug|Any CPU
		{9F84A6EF-BB8E-4E49-B067-015B8538F354}.Debug|iPhoneSimulator.Build.0 = Debug|Any CPU
		{9F84A6EF-BB8E-4E49-B067-015B8538F354}.Debug|x64.ActiveCfg = Debug|Any CPU
		{9F84A6EF-BB8E-4E49-B067-015B8538F354}.Debug|x64.Build.0 = Debug|Any CPU
		{9F84A6EF-BB8E-4E49-B067-015B8538F354}.Debug|x86.ActiveCfg = Debug|Any CPU
		{9F84A6EF-BB8E-4E49-B067-015B8538F354}.Debug|x86.Build.0 = Debug|Any CPU
		{9F84A6EF-BB8E-4E49-B067-015B8538F354}.Release|Any CPU.ActiveCfg = Release|Any CPU
		{9F84A6EF-BB8E-4E49-B067-015B8538F354}.Release|Any CPU.Build.0 = Release|Any CPU
		{9F84A6EF-BB8E-4E49-B067-015B8538F354}.Release|iPhone.ActiveCfg = Release|Any CPU
		{9F84A6EF-BB8E-4E49-B067-015B8538F354}.Release|iPhone.Build.0 = Release|Any CPU
		{9F84A6EF-BB8E-4E49-B067-015B8538F354}.Release|iPhoneSimulator.ActiveCfg = Release|Any CPU
		{9F84A6EF-BB8E-4E49-B067-015B8538F354}.Release|iPhoneSimulator.Build.0 = Release|Any CPU
		{9F84A6EF-BB8E-4E49-B067-015B8538F354}.Release|x64.ActiveCfg = Release|Any CPU
		{9F84A6EF-BB8E-4E49-B067-015B8538F354}.Release|x64.Build.0 = Release|Any CPU
		{9F84A6EF-BB8E-4E49-B067-015B8538F354}.Release|x86.ActiveCfg = Release|Any CPU
		{9F84A6EF-BB8E-4E49-B067-015B8538F354}.Release|x86.Build.0 = Release|Any CPU
		{C3BAAF27-0CDE-42A3-A9EE-3A6365265775}.Debug|Any CPU.ActiveCfg = Debug|Any CPU
		{C3BAAF27-0CDE-42A3-A9EE-3A6365265775}.Debug|Any CPU.Build.0 = Debug|Any CPU
		{C3BAAF27-0CDE-42A3-A9EE-3A6365265775}.Debug|iPhone.ActiveCfg = Debug|Any CPU
		{C3BAAF27-0CDE-42A3-A9EE-3A6365265775}.Debug|iPhone.Build.0 = Debug|Any CPU
		{C3BAAF27-0CDE-42A3-A9EE-3A6365265775}.Debug|iPhoneSimulator.ActiveCfg = Debug|Any CPU
		{C3BAAF27-0CDE-42A3-A9EE-3A6365265775}.Debug|iPhoneSimulator.Build.0 = Debug|Any CPU
		{C3BAAF27-0CDE-42A3-A9EE-3A6365265775}.Debug|x64.ActiveCfg = Debug|Any CPU
		{C3BAAF27-0CDE-42A3-A9EE-3A6365265775}.Debug|x64.Build.0 = Debug|Any CPU
		{C3BAAF27-0CDE-42A3-A9EE-3A6365265775}.Debug|x86.ActiveCfg = Debug|Any CPU
		{C3BAAF27-0CDE-42A3-A9EE-3A6365265775}.Debug|x86.Build.0 = Debug|Any CPU
		{C3BAAF27-0CDE-42A3-A9EE-3A6365265775}.Release|Any CPU.ActiveCfg = Release|Any CPU
		{C3BAAF27-0CDE-42A3-A9EE-3A6365265775}.Release|Any CPU.Build.0 = Release|Any CPU
		{C3BAAF27-0CDE-42A3-A9EE-3A6365265775}.Release|iPhone.ActiveCfg = Release|Any CPU
		{C3BAAF27-0CDE-42A3-A9EE-3A6365265775}.Release|iPhone.Build.0 = Release|Any CPU
		{C3BAAF27-0CDE-42A3-A9EE-3A6365265775}.Release|iPhoneSimulator.ActiveCfg = Release|Any CPU
		{C3BAAF27-0CDE-42A3-A9EE-3A6365265775}.Release|iPhoneSimulator.Build.0 = Release|Any CPU
		{C3BAAF27-0CDE-42A3-A9EE-3A6365265775}.Release|x64.ActiveCfg = Release|Any CPU
		{C3BAAF27-0CDE-42A3-A9EE-3A6365265775}.Release|x64.Build.0 = Release|Any CPU
		{C3BAAF27-0CDE-42A3-A9EE-3A6365265775}.Release|x86.ActiveCfg = Release|Any CPU
		{C3BAAF27-0CDE-42A3-A9EE-3A6365265775}.Release|x86.Build.0 = Release|Any CPU
		{280B4759-D43B-4F25-B3A6-F4D346DE7813}.Debug|Any CPU.ActiveCfg = Debug|Any CPU
		{280B4759-D43B-4F25-B3A6-F4D346DE7813}.Debug|Any CPU.Build.0 = Debug|Any CPU
		{280B4759-D43B-4F25-B3A6-F4D346DE7813}.Debug|iPhone.ActiveCfg = Debug|Any CPU
		{280B4759-D43B-4F25-B3A6-F4D346DE7813}.Debug|iPhone.Build.0 = Debug|Any CPU
		{280B4759-D43B-4F25-B3A6-F4D346DE7813}.Debug|iPhoneSimulator.ActiveCfg = Debug|Any CPU
		{280B4759-D43B-4F25-B3A6-F4D346DE7813}.Debug|iPhoneSimulator.Build.0 = Debug|Any CPU
		{280B4759-D43B-4F25-B3A6-F4D346DE7813}.Debug|x64.ActiveCfg = Debug|Any CPU
		{280B4759-D43B-4F25-B3A6-F4D346DE7813}.Debug|x64.Build.0 = Debug|Any CPU
		{280B4759-D43B-4F25-B3A6-F4D346DE7813}.Debug|x86.ActiveCfg = Debug|Any CPU
		{280B4759-D43B-4F25-B3A6-F4D346DE7813}.Debug|x86.Build.0 = Debug|Any CPU
		{280B4759-D43B-4F25-B3A6-F4D346DE7813}.Release|Any CPU.ActiveCfg = Release|Any CPU
		{280B4759-D43B-4F25-B3A6-F4D346DE7813}.Release|Any CPU.Build.0 = Release|Any CPU
		{280B4759-D43B-4F25-B3A6-F4D346DE7813}.Release|iPhone.ActiveCfg = Release|Any CPU
		{280B4759-D43B-4F25-B3A6-F4D346DE7813}.Release|iPhone.Build.0 = Release|Any CPU
		{280B4759-D43B-4F25-B3A6-F4D346DE7813}.Release|iPhoneSimulator.ActiveCfg = Release|Any CPU
		{280B4759-D43B-4F25-B3A6-F4D346DE7813}.Release|iPhoneSimulator.Build.0 = Release|Any CPU
		{280B4759-D43B-4F25-B3A6-F4D346DE7813}.Release|x64.ActiveCfg = Release|Any CPU
		{280B4759-D43B-4F25-B3A6-F4D346DE7813}.Release|x64.Build.0 = Release|Any CPU
		{280B4759-D43B-4F25-B3A6-F4D346DE7813}.Release|x86.ActiveCfg = Release|Any CPU
		{280B4759-D43B-4F25-B3A6-F4D346DE7813}.Release|x86.Build.0 = Release|Any CPU
		{37306091-434C-4B1B-BEF5-7D681EF623D3}.Debug|Any CPU.ActiveCfg = Debug|Any CPU
		{37306091-434C-4B1B-BEF5-7D681EF623D3}.Debug|Any CPU.Build.0 = Debug|Any CPU
		{37306091-434C-4B1B-BEF5-7D681EF623D3}.Debug|iPhone.ActiveCfg = Debug|Any CPU
		{37306091-434C-4B1B-BEF5-7D681EF623D3}.Debug|iPhone.Build.0 = Debug|Any CPU
		{37306091-434C-4B1B-BEF5-7D681EF623D3}.Debug|iPhoneSimulator.ActiveCfg = Debug|Any CPU
		{37306091-434C-4B1B-BEF5-7D681EF623D3}.Debug|iPhoneSimulator.Build.0 = Debug|Any CPU
		{37306091-434C-4B1B-BEF5-7D681EF623D3}.Debug|x64.ActiveCfg = Debug|Any CPU
		{37306091-434C-4B1B-BEF5-7D681EF623D3}.Debug|x64.Build.0 = Debug|Any CPU
		{37306091-434C-4B1B-BEF5-7D681EF623D3}.Debug|x86.ActiveCfg = Debug|Any CPU
		{37306091-434C-4B1B-BEF5-7D681EF623D3}.Debug|x86.Build.0 = Debug|Any CPU
		{37306091-434C-4B1B-BEF5-7D681EF623D3}.Release|Any CPU.ActiveCfg = Release|Any CPU
		{37306091-434C-4B1B-BEF5-7D681EF623D3}.Release|Any CPU.Build.0 = Release|Any CPU
		{37306091-434C-4B1B-BEF5-7D681EF623D3}.Release|iPhone.ActiveCfg = Release|Any CPU
		{37306091-434C-4B1B-BEF5-7D681EF623D3}.Release|iPhone.Build.0 = Release|Any CPU
		{37306091-434C-4B1B-BEF5-7D681EF623D3}.Release|iPhoneSimulator.ActiveCfg = Release|Any CPU
		{37306091-434C-4B1B-BEF5-7D681EF623D3}.Release|iPhoneSimulator.Build.0 = Release|Any CPU
		{37306091-434C-4B1B-BEF5-7D681EF623D3}.Release|x64.ActiveCfg = Release|Any CPU
		{37306091-434C-4B1B-BEF5-7D681EF623D3}.Release|x64.Build.0 = Release|Any CPU
		{37306091-434C-4B1B-BEF5-7D681EF623D3}.Release|x86.ActiveCfg = Release|Any CPU
		{37306091-434C-4B1B-BEF5-7D681EF623D3}.Release|x86.Build.0 = Release|Any CPU
		{EB765080-604B-4521-A4DC-D3561205CCC1}.Debug|Any CPU.ActiveCfg = Debug|Any CPU
		{EB765080-604B-4521-A4DC-D3561205CCC1}.Debug|Any CPU.Build.0 = Debug|Any CPU
		{EB765080-604B-4521-A4DC-D3561205CCC1}.Debug|Any CPU.Deploy.0 = Debug|Any CPU
		{EB765080-604B-4521-A4DC-D3561205CCC1}.Debug|iPhone.ActiveCfg = Debug|Any CPU
		{EB765080-604B-4521-A4DC-D3561205CCC1}.Debug|iPhone.Build.0 = Debug|Any CPU
		{EB765080-604B-4521-A4DC-D3561205CCC1}.Debug|iPhoneSimulator.ActiveCfg = Debug|Any CPU
		{EB765080-604B-4521-A4DC-D3561205CCC1}.Debug|iPhoneSimulator.Build.0 = Debug|Any CPU
		{EB765080-604B-4521-A4DC-D3561205CCC1}.Debug|x64.ActiveCfg = Debug|Any CPU
		{EB765080-604B-4521-A4DC-D3561205CCC1}.Debug|x64.Build.0 = Debug|Any CPU
		{EB765080-604B-4521-A4DC-D3561205CCC1}.Debug|x86.ActiveCfg = Debug|Any CPU
		{EB765080-604B-4521-A4DC-D3561205CCC1}.Debug|x86.Build.0 = Debug|Any CPU
		{EB765080-604B-4521-A4DC-D3561205CCC1}.Release|Any CPU.ActiveCfg = Release|Any CPU
		{EB765080-604B-4521-A4DC-D3561205CCC1}.Release|Any CPU.Build.0 = Release|Any CPU
		{EB765080-604B-4521-A4DC-D3561205CCC1}.Release|iPhone.ActiveCfg = Release|Any CPU
		{EB765080-604B-4521-A4DC-D3561205CCC1}.Release|iPhone.Build.0 = Release|Any CPU
		{EB765080-604B-4521-A4DC-D3561205CCC1}.Release|iPhoneSimulator.ActiveCfg = Release|Any CPU
		{EB765080-604B-4521-A4DC-D3561205CCC1}.Release|iPhoneSimulator.Build.0 = Release|Any CPU
		{EB765080-604B-4521-A4DC-D3561205CCC1}.Release|x64.ActiveCfg = Release|Any CPU
		{EB765080-604B-4521-A4DC-D3561205CCC1}.Release|x64.Build.0 = Release|Any CPU
		{EB765080-604B-4521-A4DC-D3561205CCC1}.Release|x86.ActiveCfg = Release|Any CPU
		{EB765080-604B-4521-A4DC-D3561205CCC1}.Release|x86.Build.0 = Release|Any CPU
		{845BD358-0B31-43B0-BFAD-215E51E84783}.Debug|Any CPU.ActiveCfg = Debug|iPhoneSimulator
		{845BD358-0B31-43B0-BFAD-215E51E84783}.Debug|Any CPU.Build.0 = Debug|iPhoneSimulator
		{845BD358-0B31-43B0-BFAD-215E51E84783}.Debug|iPhone.ActiveCfg = Debug|iPhone
		{845BD358-0B31-43B0-BFAD-215E51E84783}.Debug|iPhone.Build.0 = Debug|iPhone
		{845BD358-0B31-43B0-BFAD-215E51E84783}.Debug|iPhoneSimulator.ActiveCfg = Debug|iPhoneSimulator
		{845BD358-0B31-43B0-BFAD-215E51E84783}.Debug|iPhoneSimulator.Build.0 = Debug|iPhoneSimulator
		{845BD358-0B31-43B0-BFAD-215E51E84783}.Debug|x64.ActiveCfg = Debug|iPhoneSimulator
		{845BD358-0B31-43B0-BFAD-215E51E84783}.Debug|x64.Build.0 = Debug|iPhoneSimulator
		{845BD358-0B31-43B0-BFAD-215E51E84783}.Debug|x86.ActiveCfg = Debug|iPhoneSimulator
		{845BD358-0B31-43B0-BFAD-215E51E84783}.Debug|x86.Build.0 = Debug|iPhoneSimulator
		{845BD358-0B31-43B0-BFAD-215E51E84783}.Release|Any CPU.ActiveCfg = Release|iPhoneSimulator
		{845BD358-0B31-43B0-BFAD-215E51E84783}.Release|Any CPU.Build.0 = Release|iPhoneSimulator
		{845BD358-0B31-43B0-BFAD-215E51E84783}.Release|iPhone.ActiveCfg = Release|iPhone
		{845BD358-0B31-43B0-BFAD-215E51E84783}.Release|iPhone.Build.0 = Release|iPhone
		{845BD358-0B31-43B0-BFAD-215E51E84783}.Release|iPhoneSimulator.ActiveCfg = Release|iPhoneSimulator
		{845BD358-0B31-43B0-BFAD-215E51E84783}.Release|iPhoneSimulator.Build.0 = Release|iPhoneSimulator
		{845BD358-0B31-43B0-BFAD-215E51E84783}.Release|x64.ActiveCfg = Release|iPhoneSimulator
		{845BD358-0B31-43B0-BFAD-215E51E84783}.Release|x64.Build.0 = Release|iPhoneSimulator
		{845BD358-0B31-43B0-BFAD-215E51E84783}.Release|x86.ActiveCfg = Release|iPhoneSimulator
		{845BD358-0B31-43B0-BFAD-215E51E84783}.Release|x86.Build.0 = Release|iPhoneSimulator
		{A103E364-31D3-4086-A42E-6292064E20E2}.Debug|Any CPU.ActiveCfg = Debug|Any CPU
		{A103E364-31D3-4086-A42E-6292064E20E2}.Debug|Any CPU.Build.0 = Debug|Any CPU
		{A103E364-31D3-4086-A42E-6292064E20E2}.Debug|iPhone.ActiveCfg = Debug|Any CPU
		{A103E364-31D3-4086-A42E-6292064E20E2}.Debug|iPhone.Build.0 = Debug|Any CPU
		{A103E364-31D3-4086-A42E-6292064E20E2}.Debug|iPhoneSimulator.ActiveCfg = Debug|Any CPU
		{A103E364-31D3-4086-A42E-6292064E20E2}.Debug|iPhoneSimulator.Build.0 = Debug|Any CPU
		{A103E364-31D3-4086-A42E-6292064E20E2}.Debug|x64.ActiveCfg = Debug|Any CPU
		{A103E364-31D3-4086-A42E-6292064E20E2}.Debug|x64.Build.0 = Debug|Any CPU
		{A103E364-31D3-4086-A42E-6292064E20E2}.Debug|x86.ActiveCfg = Debug|Any CPU
		{A103E364-31D3-4086-A42E-6292064E20E2}.Debug|x86.Build.0 = Debug|Any CPU
		{A103E364-31D3-4086-A42E-6292064E20E2}.Release|Any CPU.ActiveCfg = Release|Any CPU
		{A103E364-31D3-4086-A42E-6292064E20E2}.Release|Any CPU.Build.0 = Release|Any CPU
		{A103E364-31D3-4086-A42E-6292064E20E2}.Release|iPhone.ActiveCfg = Release|Any CPU
		{A103E364-31D3-4086-A42E-6292064E20E2}.Release|iPhone.Build.0 = Release|Any CPU
		{A103E364-31D3-4086-A42E-6292064E20E2}.Release|iPhoneSimulator.ActiveCfg = Release|Any CPU
		{A103E364-31D3-4086-A42E-6292064E20E2}.Release|iPhoneSimulator.Build.0 = Release|Any CPU
		{A103E364-31D3-4086-A42E-6292064E20E2}.Release|x64.ActiveCfg = Release|Any CPU
		{A103E364-31D3-4086-A42E-6292064E20E2}.Release|x64.Build.0 = Release|Any CPU
		{A103E364-31D3-4086-A42E-6292064E20E2}.Release|x86.ActiveCfg = Release|Any CPU
		{A103E364-31D3-4086-A42E-6292064E20E2}.Release|x86.Build.0 = Release|Any CPU
		{8211402D-4F2F-40C2-9998-5ADE7A5675D9}.Debug|Any CPU.ActiveCfg = Debug|Any CPU
		{8211402D-4F2F-40C2-9998-5ADE7A5675D9}.Debug|Any CPU.Build.0 = Debug|Any CPU
		{8211402D-4F2F-40C2-9998-5ADE7A5675D9}.Debug|iPhone.ActiveCfg = Debug|Any CPU
		{8211402D-4F2F-40C2-9998-5ADE7A5675D9}.Debug|iPhone.Build.0 = Debug|Any CPU
		{8211402D-4F2F-40C2-9998-5ADE7A5675D9}.Debug|iPhoneSimulator.ActiveCfg = Debug|Any CPU
		{8211402D-4F2F-40C2-9998-5ADE7A5675D9}.Debug|iPhoneSimulator.Build.0 = Debug|Any CPU
		{8211402D-4F2F-40C2-9998-5ADE7A5675D9}.Debug|x64.ActiveCfg = Debug|Any CPU
		{8211402D-4F2F-40C2-9998-5ADE7A5675D9}.Debug|x64.Build.0 = Debug|Any CPU
		{8211402D-4F2F-40C2-9998-5ADE7A5675D9}.Debug|x86.ActiveCfg = Debug|Any CPU
		{8211402D-4F2F-40C2-9998-5ADE7A5675D9}.Debug|x86.Build.0 = Debug|Any CPU
		{8211402D-4F2F-40C2-9998-5ADE7A5675D9}.Release|Any CPU.ActiveCfg = Release|Any CPU
		{8211402D-4F2F-40C2-9998-5ADE7A5675D9}.Release|Any CPU.Build.0 = Release|Any CPU
		{8211402D-4F2F-40C2-9998-5ADE7A5675D9}.Release|iPhone.ActiveCfg = Release|Any CPU
		{8211402D-4F2F-40C2-9998-5ADE7A5675D9}.Release|iPhone.Build.0 = Release|Any CPU
		{8211402D-4F2F-40C2-9998-5ADE7A5675D9}.Release|iPhoneSimulator.ActiveCfg = Release|Any CPU
		{8211402D-4F2F-40C2-9998-5ADE7A5675D9}.Release|iPhoneSimulator.Build.0 = Release|Any CPU
		{8211402D-4F2F-40C2-9998-5ADE7A5675D9}.Release|x64.ActiveCfg = Release|Any CPU
		{8211402D-4F2F-40C2-9998-5ADE7A5675D9}.Release|x64.Build.0 = Release|Any CPU
		{8211402D-4F2F-40C2-9998-5ADE7A5675D9}.Release|x86.ActiveCfg = Release|Any CPU
		{8211402D-4F2F-40C2-9998-5ADE7A5675D9}.Release|x86.Build.0 = Release|Any CPU
		{EC169210-DE50-4561-8823-654C0B906A9C}.Debug|Any CPU.ActiveCfg = Debug|Any CPU
		{EC169210-DE50-4561-8823-654C0B906A9C}.Debug|Any CPU.Build.0 = Debug|Any CPU
		{EC169210-DE50-4561-8823-654C0B906A9C}.Debug|iPhone.ActiveCfg = Debug|Any CPU
		{EC169210-DE50-4561-8823-654C0B906A9C}.Debug|iPhone.Build.0 = Debug|Any CPU
		{EC169210-DE50-4561-8823-654C0B906A9C}.Debug|iPhoneSimulator.ActiveCfg = Debug|Any CPU
		{EC169210-DE50-4561-8823-654C0B906A9C}.Debug|iPhoneSimulator.Build.0 = Debug|Any CPU
		{EC169210-DE50-4561-8823-654C0B906A9C}.Debug|x64.ActiveCfg = Debug|Any CPU
		{EC169210-DE50-4561-8823-654C0B906A9C}.Debug|x64.Build.0 = Debug|Any CPU
		{EC169210-DE50-4561-8823-654C0B906A9C}.Debug|x86.ActiveCfg = Debug|Any CPU
		{EC169210-DE50-4561-8823-654C0B906A9C}.Debug|x86.Build.0 = Debug|Any CPU
		{EC169210-DE50-4561-8823-654C0B906A9C}.Release|Any CPU.ActiveCfg = Release|Any CPU
		{EC169210-DE50-4561-8823-654C0B906A9C}.Release|Any CPU.Build.0 = Release|Any CPU
		{EC169210-DE50-4561-8823-654C0B906A9C}.Release|iPhone.ActiveCfg = Release|Any CPU
		{EC169210-DE50-4561-8823-654C0B906A9C}.Release|iPhone.Build.0 = Release|Any CPU
		{EC169210-DE50-4561-8823-654C0B906A9C}.Release|iPhoneSimulator.ActiveCfg = Release|Any CPU
		{EC169210-DE50-4561-8823-654C0B906A9C}.Release|iPhoneSimulator.Build.0 = Release|Any CPU
		{EC169210-DE50-4561-8823-654C0B906A9C}.Release|x64.ActiveCfg = Release|Any CPU
		{EC169210-DE50-4561-8823-654C0B906A9C}.Release|x64.Build.0 = Release|Any CPU
		{EC169210-DE50-4561-8823-654C0B906A9C}.Release|x86.ActiveCfg = Release|Any CPU
		{EC169210-DE50-4561-8823-654C0B906A9C}.Release|x86.Build.0 = Release|Any CPU
		{C5FF1728-B57B-422A-9816-6EDAFE0CEBDB}.Debug|Any CPU.ActiveCfg = Debug|Any CPU
		{C5FF1728-B57B-422A-9816-6EDAFE0CEBDB}.Debug|Any CPU.Build.0 = Debug|Any CPU
		{C5FF1728-B57B-422A-9816-6EDAFE0CEBDB}.Debug|iPhone.ActiveCfg = Debug|Any CPU
		{C5FF1728-B57B-422A-9816-6EDAFE0CEBDB}.Debug|iPhone.Build.0 = Debug|Any CPU
		{C5FF1728-B57B-422A-9816-6EDAFE0CEBDB}.Debug|iPhoneSimulator.ActiveCfg = Debug|Any CPU
		{C5FF1728-B57B-422A-9816-6EDAFE0CEBDB}.Debug|iPhoneSimulator.Build.0 = Debug|Any CPU
		{C5FF1728-B57B-422A-9816-6EDAFE0CEBDB}.Debug|x64.ActiveCfg = Debug|Any CPU
		{C5FF1728-B57B-422A-9816-6EDAFE0CEBDB}.Debug|x64.Build.0 = Debug|Any CPU
		{C5FF1728-B57B-422A-9816-6EDAFE0CEBDB}.Debug|x86.ActiveCfg = Debug|Any CPU
		{C5FF1728-B57B-422A-9816-6EDAFE0CEBDB}.Debug|x86.Build.0 = Debug|Any CPU
		{C5FF1728-B57B-422A-9816-6EDAFE0CEBDB}.Release|Any CPU.ActiveCfg = Release|Any CPU
		{C5FF1728-B57B-422A-9816-6EDAFE0CEBDB}.Release|Any CPU.Build.0 = Release|Any CPU
		{C5FF1728-B57B-422A-9816-6EDAFE0CEBDB}.Release|iPhone.ActiveCfg = Release|Any CPU
		{C5FF1728-B57B-422A-9816-6EDAFE0CEBDB}.Release|iPhone.Build.0 = Release|Any CPU
		{C5FF1728-B57B-422A-9816-6EDAFE0CEBDB}.Release|iPhoneSimulator.ActiveCfg = Release|Any CPU
		{C5FF1728-B57B-422A-9816-6EDAFE0CEBDB}.Release|iPhoneSimulator.Build.0 = Release|Any CPU
		{C5FF1728-B57B-422A-9816-6EDAFE0CEBDB}.Release|x64.ActiveCfg = Release|Any CPU
		{C5FF1728-B57B-422A-9816-6EDAFE0CEBDB}.Release|x64.Build.0 = Release|Any CPU
		{C5FF1728-B57B-422A-9816-6EDAFE0CEBDB}.Release|x86.ActiveCfg = Release|Any CPU
		{C5FF1728-B57B-422A-9816-6EDAFE0CEBDB}.Release|x86.Build.0 = Release|Any CPU
		{22EAFD86-6050-4239-A19C-3DCB4767E916}.Debug|Any CPU.ActiveCfg = Debug|Any CPU
		{22EAFD86-6050-4239-A19C-3DCB4767E916}.Debug|Any CPU.Build.0 = Debug|Any CPU
		{22EAFD86-6050-4239-A19C-3DCB4767E916}.Debug|iPhone.ActiveCfg = Debug|Any CPU
		{22EAFD86-6050-4239-A19C-3DCB4767E916}.Debug|iPhone.Build.0 = Debug|Any CPU
		{22EAFD86-6050-4239-A19C-3DCB4767E916}.Debug|iPhoneSimulator.ActiveCfg = Debug|Any CPU
		{22EAFD86-6050-4239-A19C-3DCB4767E916}.Debug|iPhoneSimulator.Build.0 = Debug|Any CPU
		{22EAFD86-6050-4239-A19C-3DCB4767E916}.Debug|x64.ActiveCfg = Debug|Any CPU
		{22EAFD86-6050-4239-A19C-3DCB4767E916}.Debug|x64.Build.0 = Debug|Any CPU
		{22EAFD86-6050-4239-A19C-3DCB4767E916}.Debug|x86.ActiveCfg = Debug|Any CPU
		{22EAFD86-6050-4239-A19C-3DCB4767E916}.Debug|x86.Build.0 = Debug|Any CPU
		{22EAFD86-6050-4239-A19C-3DCB4767E916}.Release|Any CPU.ActiveCfg = Release|Any CPU
		{22EAFD86-6050-4239-A19C-3DCB4767E916}.Release|Any CPU.Build.0 = Release|Any CPU
		{22EAFD86-6050-4239-A19C-3DCB4767E916}.Release|iPhone.ActiveCfg = Release|Any CPU
		{22EAFD86-6050-4239-A19C-3DCB4767E916}.Release|iPhone.Build.0 = Release|Any CPU
		{22EAFD86-6050-4239-A19C-3DCB4767E916}.Release|iPhoneSimulator.ActiveCfg = Release|Any CPU
		{22EAFD86-6050-4239-A19C-3DCB4767E916}.Release|iPhoneSimulator.Build.0 = Release|Any CPU
		{22EAFD86-6050-4239-A19C-3DCB4767E916}.Release|x64.ActiveCfg = Release|Any CPU
		{22EAFD86-6050-4239-A19C-3DCB4767E916}.Release|x64.Build.0 = Release|Any CPU
		{22EAFD86-6050-4239-A19C-3DCB4767E916}.Release|x86.ActiveCfg = Release|Any CPU
		{22EAFD86-6050-4239-A19C-3DCB4767E916}.Release|x86.Build.0 = Release|Any CPU
		{55219FEE-CB16-4BB8-8BBC-23E658F55E29}.Debug|Any CPU.ActiveCfg = Debug|Any CPU
		{55219FEE-CB16-4BB8-8BBC-23E658F55E29}.Debug|Any CPU.Build.0 = Debug|Any CPU
		{55219FEE-CB16-4BB8-8BBC-23E658F55E29}.Debug|iPhone.ActiveCfg = Debug|Any CPU
		{55219FEE-CB16-4BB8-8BBC-23E658F55E29}.Debug|iPhone.Build.0 = Debug|Any CPU
		{55219FEE-CB16-4BB8-8BBC-23E658F55E29}.Debug|iPhoneSimulator.ActiveCfg = Debug|Any CPU
		{55219FEE-CB16-4BB8-8BBC-23E658F55E29}.Debug|iPhoneSimulator.Build.0 = Debug|Any CPU
		{55219FEE-CB16-4BB8-8BBC-23E658F55E29}.Debug|x64.ActiveCfg = Debug|Any CPU
		{55219FEE-CB16-4BB8-8BBC-23E658F55E29}.Debug|x64.Build.0 = Debug|Any CPU
		{55219FEE-CB16-4BB8-8BBC-23E658F55E29}.Debug|x86.ActiveCfg = Debug|Any CPU
		{55219FEE-CB16-4BB8-8BBC-23E658F55E29}.Debug|x86.Build.0 = Debug|Any CPU
		{55219FEE-CB16-4BB8-8BBC-23E658F55E29}.Release|Any CPU.ActiveCfg = Release|Any CPU
		{55219FEE-CB16-4BB8-8BBC-23E658F55E29}.Release|Any CPU.Build.0 = Release|Any CPU
		{55219FEE-CB16-4BB8-8BBC-23E658F55E29}.Release|iPhone.ActiveCfg = Release|Any CPU
		{55219FEE-CB16-4BB8-8BBC-23E658F55E29}.Release|iPhone.Build.0 = Release|Any CPU
		{55219FEE-CB16-4BB8-8BBC-23E658F55E29}.Release|iPhoneSimulator.ActiveCfg = Release|Any CPU
		{55219FEE-CB16-4BB8-8BBC-23E658F55E29}.Release|iPhoneSimulator.Build.0 = Release|Any CPU
		{55219FEE-CB16-4BB8-8BBC-23E658F55E29}.Release|x64.ActiveCfg = Release|Any CPU
		{55219FEE-CB16-4BB8-8BBC-23E658F55E29}.Release|x64.Build.0 = Release|Any CPU
		{55219FEE-CB16-4BB8-8BBC-23E658F55E29}.Release|x86.ActiveCfg = Release|Any CPU
		{55219FEE-CB16-4BB8-8BBC-23E658F55E29}.Release|x86.Build.0 = Release|Any CPU
		{0DACBCD6-9D87-46B1-9B8C-C6CE05F7C523}.Debug|Any CPU.ActiveCfg = Debug|Any CPU
		{0DACBCD6-9D87-46B1-9B8C-C6CE05F7C523}.Debug|Any CPU.Build.0 = Debug|Any CPU
		{0DACBCD6-9D87-46B1-9B8C-C6CE05F7C523}.Debug|iPhone.ActiveCfg = Debug|Any CPU
		{0DACBCD6-9D87-46B1-9B8C-C6CE05F7C523}.Debug|iPhone.Build.0 = Debug|Any CPU
		{0DACBCD6-9D87-46B1-9B8C-C6CE05F7C523}.Debug|iPhoneSimulator.ActiveCfg = Debug|Any CPU
		{0DACBCD6-9D87-46B1-9B8C-C6CE05F7C523}.Debug|iPhoneSimulator.Build.0 = Debug|Any CPU
		{0DACBCD6-9D87-46B1-9B8C-C6CE05F7C523}.Debug|x64.ActiveCfg = Debug|Any CPU
		{0DACBCD6-9D87-46B1-9B8C-C6CE05F7C523}.Debug|x64.Build.0 = Debug|Any CPU
		{0DACBCD6-9D87-46B1-9B8C-C6CE05F7C523}.Debug|x86.ActiveCfg = Debug|Any CPU
		{0DACBCD6-9D87-46B1-9B8C-C6CE05F7C523}.Debug|x86.Build.0 = Debug|Any CPU
		{0DACBCD6-9D87-46B1-9B8C-C6CE05F7C523}.Release|Any CPU.ActiveCfg = Release|Any CPU
		{0DACBCD6-9D87-46B1-9B8C-C6CE05F7C523}.Release|Any CPU.Build.0 = Release|Any CPU
		{0DACBCD6-9D87-46B1-9B8C-C6CE05F7C523}.Release|iPhone.ActiveCfg = Release|Any CPU
		{0DACBCD6-9D87-46B1-9B8C-C6CE05F7C523}.Release|iPhone.Build.0 = Release|Any CPU
		{0DACBCD6-9D87-46B1-9B8C-C6CE05F7C523}.Release|iPhoneSimulator.ActiveCfg = Release|Any CPU
		{0DACBCD6-9D87-46B1-9B8C-C6CE05F7C523}.Release|iPhoneSimulator.Build.0 = Release|Any CPU
		{0DACBCD6-9D87-46B1-9B8C-C6CE05F7C523}.Release|x64.ActiveCfg = Release|Any CPU
		{0DACBCD6-9D87-46B1-9B8C-C6CE05F7C523}.Release|x64.Build.0 = Release|Any CPU
		{0DACBCD6-9D87-46B1-9B8C-C6CE05F7C523}.Release|x86.ActiveCfg = Release|Any CPU
		{0DACBCD6-9D87-46B1-9B8C-C6CE05F7C523}.Release|x86.Build.0 = Release|Any CPU
		{BE4D001E-7799-48EE-87BC-17E306FCE507}.Debug|Any CPU.ActiveCfg = Debug|Any CPU
		{BE4D001E-7799-48EE-87BC-17E306FCE507}.Debug|Any CPU.Build.0 = Debug|Any CPU
		{BE4D001E-7799-48EE-87BC-17E306FCE507}.Debug|iPhone.ActiveCfg = Debug|Any CPU
		{BE4D001E-7799-48EE-87BC-17E306FCE507}.Debug|iPhone.Build.0 = Debug|Any CPU
		{BE4D001E-7799-48EE-87BC-17E306FCE507}.Debug|iPhoneSimulator.ActiveCfg = Debug|Any CPU
		{BE4D001E-7799-48EE-87BC-17E306FCE507}.Debug|iPhoneSimulator.Build.0 = Debug|Any CPU
		{BE4D001E-7799-48EE-87BC-17E306FCE507}.Debug|x64.ActiveCfg = Debug|Any CPU
		{BE4D001E-7799-48EE-87BC-17E306FCE507}.Debug|x64.Build.0 = Debug|Any CPU
		{BE4D001E-7799-48EE-87BC-17E306FCE507}.Debug|x86.ActiveCfg = Debug|Any CPU
		{BE4D001E-7799-48EE-87BC-17E306FCE507}.Debug|x86.Build.0 = Debug|Any CPU
		{BE4D001E-7799-48EE-87BC-17E306FCE507}.Release|Any CPU.ActiveCfg = Release|Any CPU
		{BE4D001E-7799-48EE-87BC-17E306FCE507}.Release|Any CPU.Build.0 = Release|Any CPU
		{BE4D001E-7799-48EE-87BC-17E306FCE507}.Release|iPhone.ActiveCfg = Release|Any CPU
		{BE4D001E-7799-48EE-87BC-17E306FCE507}.Release|iPhone.Build.0 = Release|Any CPU
		{BE4D001E-7799-48EE-87BC-17E306FCE507}.Release|iPhoneSimulator.ActiveCfg = Release|Any CPU
		{BE4D001E-7799-48EE-87BC-17E306FCE507}.Release|iPhoneSimulator.Build.0 = Release|Any CPU
		{BE4D001E-7799-48EE-87BC-17E306FCE507}.Release|x64.ActiveCfg = Release|Any CPU
		{BE4D001E-7799-48EE-87BC-17E306FCE507}.Release|x64.Build.0 = Release|Any CPU
		{BE4D001E-7799-48EE-87BC-17E306FCE507}.Release|x86.ActiveCfg = Release|Any CPU
		{BE4D001E-7799-48EE-87BC-17E306FCE507}.Release|x86.Build.0 = Release|Any CPU
		{695E14AB-CE08-4B1F-89E2-92D38015BB50}.Debug|Any CPU.ActiveCfg = Debug|Any CPU
		{695E14AB-CE08-4B1F-89E2-92D38015BB50}.Debug|Any CPU.Build.0 = Debug|Any CPU
		{695E14AB-CE08-4B1F-89E2-92D38015BB50}.Debug|iPhone.ActiveCfg = Debug|Any CPU
		{695E14AB-CE08-4B1F-89E2-92D38015BB50}.Debug|iPhone.Build.0 = Debug|Any CPU
		{695E14AB-CE08-4B1F-89E2-92D38015BB50}.Debug|iPhoneSimulator.ActiveCfg = Debug|Any CPU
		{695E14AB-CE08-4B1F-89E2-92D38015BB50}.Debug|iPhoneSimulator.Build.0 = Debug|Any CPU
		{695E14AB-CE08-4B1F-89E2-92D38015BB50}.Debug|x64.ActiveCfg = Debug|Any CPU
		{695E14AB-CE08-4B1F-89E2-92D38015BB50}.Debug|x64.Build.0 = Debug|Any CPU
		{695E14AB-CE08-4B1F-89E2-92D38015BB50}.Debug|x86.ActiveCfg = Debug|Any CPU
		{695E14AB-CE08-4B1F-89E2-92D38015BB50}.Debug|x86.Build.0 = Debug|Any CPU
		{695E14AB-CE08-4B1F-89E2-92D38015BB50}.Release|Any CPU.ActiveCfg = Release|Any CPU
		{695E14AB-CE08-4B1F-89E2-92D38015BB50}.Release|Any CPU.Build.0 = Release|Any CPU
		{695E14AB-CE08-4B1F-89E2-92D38015BB50}.Release|iPhone.ActiveCfg = Release|Any CPU
		{695E14AB-CE08-4B1F-89E2-92D38015BB50}.Release|iPhone.Build.0 = Release|Any CPU
		{695E14AB-CE08-4B1F-89E2-92D38015BB50}.Release|iPhoneSimulator.ActiveCfg = Release|Any CPU
		{695E14AB-CE08-4B1F-89E2-92D38015BB50}.Release|iPhoneSimulator.Build.0 = Release|Any CPU
		{695E14AB-CE08-4B1F-89E2-92D38015BB50}.Release|x64.ActiveCfg = Release|Any CPU
		{695E14AB-CE08-4B1F-89E2-92D38015BB50}.Release|x64.Build.0 = Release|Any CPU
		{695E14AB-CE08-4B1F-89E2-92D38015BB50}.Release|x86.ActiveCfg = Release|Any CPU
		{695E14AB-CE08-4B1F-89E2-92D38015BB50}.Release|x86.Build.0 = Release|Any CPU
		{06AE7D54-69AE-487C-B888-3A36AD0C1269}.Debug|Any CPU.ActiveCfg = Debug|Any CPU
		{06AE7D54-69AE-487C-B888-3A36AD0C1269}.Debug|Any CPU.Build.0 = Debug|Any CPU
		{06AE7D54-69AE-487C-B888-3A36AD0C1269}.Debug|iPhone.ActiveCfg = Debug|Any CPU
		{06AE7D54-69AE-487C-B888-3A36AD0C1269}.Debug|iPhone.Build.0 = Debug|Any CPU
		{06AE7D54-69AE-487C-B888-3A36AD0C1269}.Debug|iPhoneSimulator.ActiveCfg = Debug|Any CPU
		{06AE7D54-69AE-487C-B888-3A36AD0C1269}.Debug|iPhoneSimulator.Build.0 = Debug|Any CPU
		{06AE7D54-69AE-487C-B888-3A36AD0C1269}.Debug|x64.ActiveCfg = Debug|Any CPU
		{06AE7D54-69AE-487C-B888-3A36AD0C1269}.Debug|x64.Build.0 = Debug|Any CPU
		{06AE7D54-69AE-487C-B888-3A36AD0C1269}.Debug|x86.ActiveCfg = Debug|Any CPU
		{06AE7D54-69AE-487C-B888-3A36AD0C1269}.Debug|x86.Build.0 = Debug|Any CPU
		{06AE7D54-69AE-487C-B888-3A36AD0C1269}.Release|Any CPU.ActiveCfg = Release|Any CPU
		{06AE7D54-69AE-487C-B888-3A36AD0C1269}.Release|Any CPU.Build.0 = Release|Any CPU
		{06AE7D54-69AE-487C-B888-3A36AD0C1269}.Release|iPhone.ActiveCfg = Release|Any CPU
		{06AE7D54-69AE-487C-B888-3A36AD0C1269}.Release|iPhone.Build.0 = Release|Any CPU
		{06AE7D54-69AE-487C-B888-3A36AD0C1269}.Release|iPhoneSimulator.ActiveCfg = Release|Any CPU
		{06AE7D54-69AE-487C-B888-3A36AD0C1269}.Release|iPhoneSimulator.Build.0 = Release|Any CPU
		{06AE7D54-69AE-487C-B888-3A36AD0C1269}.Release|x64.ActiveCfg = Release|Any CPU
		{06AE7D54-69AE-487C-B888-3A36AD0C1269}.Release|x64.Build.0 = Release|Any CPU
		{06AE7D54-69AE-487C-B888-3A36AD0C1269}.Release|x86.ActiveCfg = Release|Any CPU
		{06AE7D54-69AE-487C-B888-3A36AD0C1269}.Release|x86.Build.0 = Release|Any CPU
	EndGlobalSection
	GlobalSection(SolutionProperties) = preSolution
		HideSolutionNode = FALSE
	EndGlobalSection
	GlobalSection(NestedProjects) = preSolution
		{82B0FD2F-E975-4BFA-AF4F-1CA8226D38CF} = {D11CBD0A-1AA4-420E-A99E-931AB3234AFF}
		{9F84A6EF-BB8E-4E49-B067-015B8538F354} = {82B0FD2F-E975-4BFA-AF4F-1CA8226D38CF}
		{C3BAAF27-0CDE-42A3-A9EE-3A6365265775} = {82B0FD2F-E975-4BFA-AF4F-1CA8226D38CF}
		{280B4759-D43B-4F25-B3A6-F4D346DE7813} = {82B0FD2F-E975-4BFA-AF4F-1CA8226D38CF}
		{37306091-434C-4B1B-BEF5-7D681EF623D3} = {82B0FD2F-E975-4BFA-AF4F-1CA8226D38CF}
		{EB765080-604B-4521-A4DC-D3561205CCC1} = {05466BC3-E694-43D7-93CC-2F6DCD3848F6}
		{845BD358-0B31-43B0-BFAD-215E51E84783} = {05466BC3-E694-43D7-93CC-2F6DCD3848F6}
		{A103E364-31D3-4086-A42E-6292064E20E2} = {05466BC3-E694-43D7-93CC-2F6DCD3848F6}
		{AA1E1407-DDE9-4C75-A9E4-D0183B5018D6} = {D11CBD0A-1AA4-420E-A99E-931AB3234AFF}
		{D9028F39-B726-496C-8C6B-6088CEC41529} = {D11CBD0A-1AA4-420E-A99E-931AB3234AFF}
		{EC169210-DE50-4561-8823-654C0B906A9C} = {AA1E1407-DDE9-4C75-A9E4-D0183B5018D6}
		{C5FF1728-B57B-422A-9816-6EDAFE0CEBDB} = {AA1E1407-DDE9-4C75-A9E4-D0183B5018D6}
		{22EAFD86-6050-4239-A19C-3DCB4767E916} = {AA1E1407-DDE9-4C75-A9E4-D0183B5018D6}
		{55219FEE-CB16-4BB8-8BBC-23E658F55E29} = {AA1E1407-DDE9-4C75-A9E4-D0183B5018D6}
		{0DACBCD6-9D87-46B1-9B8C-C6CE05F7C523} = {AA1E1407-DDE9-4C75-A9E4-D0183B5018D6}
		{BE4D001E-7799-48EE-87BC-17E306FCE507} = {AA1E1407-DDE9-4C75-A9E4-D0183B5018D6}
		{695E14AB-CE08-4B1F-89E2-92D38015BB50} = {D9028F39-B726-496C-8C6B-6088CEC41529}
		{06AE7D54-69AE-487C-B888-3A36AD0C1269} = {36A3D314-5E38-41D9-8DE6-B657E0B5465F}
	EndGlobalSection
	GlobalSection(ExtensibilityGlobals) = postSolution
		SolutionGuid = {7E1522C0-F63E-4CE0-9B9A-FB7A01A829DF}
	EndGlobalSection
EndGlobal
